// !$*UTF8*$!
{
	archiveVersion = 1;
	classes = {
	};
	objectVersion = 48;
	objects = {

/* Begin PBXBuildFile section */
		6619A6791F50F5100083AAC5 /* BirdKit.h in Headers */ = {isa = PBXBuildFile; fileRef = 6619A6771F50F5100083AAC5 /* BirdKit.h */; settings = {ATTRIBUTES = (Public, ); }; };
		6619A67E1F50F5390083AAC5 /* BirdCallGenerator.swift in Sources */ = {isa = PBXBuildFile; fileRef = 6619A67D1F50F5390083AAC5 /* BirdCallGenerator.swift */; };
		6619A67F1F50F6080083AAC5 /* BirdKit.framework in Frameworks */ = {isa = PBXBuildFile; fileRef = 6619A6751F50F5100083AAC5 /* BirdKit.framework */; };
		6619A6801F50F6080083AAC5 /* BirdKit.framework in Embed Frameworks */ = {isa = PBXBuildFile; fileRef = 6619A6751F50F5100083AAC5 /* BirdKit.framework */; settings = {ATTRIBUTES = (CodeSignOnCopy, RemoveHeadersOnCopy, ); }; };
		6619A6841F50F6970083AAC5 /* BirdKit.framework in Frameworks */ = {isa = PBXBuildFile; fileRef = 6619A6751F50F5100083AAC5 /* BirdKit.framework */; };
		6619A6861F54DC7B0083AAC5 /* Media.xcassets in Resources */ = {isa = PBXBuildFile; fileRef = 6619A6851F54DC7B0083AAC5 /* Media.xcassets */; };
		6619A68A1F54DCF50083AAC5 /* BirdFetcher.swift in Sources */ = {isa = PBXBuildFile; fileRef = 6619A6891F54DCF50083AAC5 /* BirdFetcher.swift */; };
		6619A6921F54E6B40083AAC5 /* ActionViewController.swift in Sources */ = {isa = PBXBuildFile; fileRef = 6619A6911F54E6B40083AAC5 /* ActionViewController.swift */; };
		6619A6951F54E6B40083AAC5 /* MainInterface.storyboard in Resources */ = {isa = PBXBuildFile; fileRef = 6619A6931F54E6B40083AAC5 /* MainInterface.storyboard */; };
		6619A6991F54E6B40083AAC5 /* BirdTranslator.appex in Embed App Extensions */ = {isa = PBXBuildFile; fileRef = 6619A68F1F54E6B40083AAC5 /* BirdTranslator.appex */; settings = {ATTRIBUTES = (RemoveHeadersOnCopy, ); }; };
		6619A69E1F54EAF10083AAC5 /* BirdNameTranslator.swift in Sources */ = {isa = PBXBuildFile; fileRef = 6619A69D1F54EAF10083AAC5 /* BirdNameTranslator.swift */; };
		6619A69F1F54EBED0083AAC5 /* BirdKit.framework in Frameworks */ = {isa = PBXBuildFile; fileRef = 6619A6751F50F5100083AAC5 /* BirdKit.framework */; };
		66356F611F578B450032F60E /* ShareViewController.swift in Sources */ = {isa = PBXBuildFile; fileRef = 66356F601F578B450032F60E /* ShareViewController.swift */; };
		66356F641F578B450032F60E /* MainInterface.storyboard in Resources */ = {isa = PBXBuildFile; fileRef = 66356F621F578B450032F60E /* MainInterface.storyboard */; };
		66356F681F578B450032F60E /* BirdShare.appex in Embed App Extensions */ = {isa = PBXBuildFile; fileRef = 66356F5E1F578B450032F60E /* BirdShare.appex */; settings = {ATTRIBUTES = (RemoveHeadersOnCopy, ); }; };
		66356F6C1F578B590032F60E /* BirdKit.framework in Frameworks */ = {isa = PBXBuildFile; fileRef = 6619A6751F50F5100083AAC5 /* BirdKit.framework */; };
		663D84581F4FA11600717973 /* AppDelegate.swift in Sources */ = {isa = PBXBuildFile; fileRef = 663D84571F4FA11600717973 /* AppDelegate.swift */; };
		663D845A1F4FA11600717973 /* ViewController.swift in Sources */ = {isa = PBXBuildFile; fileRef = 663D84591F4FA11600717973 /* ViewController.swift */; };
		663D845D1F4FA11600717973 /* Main.storyboard in Resources */ = {isa = PBXBuildFile; fileRef = 663D845B1F4FA11600717973 /* Main.storyboard */; };
		663D845F1F4FA11600717973 /* Assets.xcassets in Resources */ = {isa = PBXBuildFile; fileRef = 663D845E1F4FA11600717973 /* Assets.xcassets */; };
		663D84621F4FA11600717973 /* LaunchScreen.storyboard in Resources */ = {isa = PBXBuildFile; fileRef = 663D84601F4FA11600717973 /* LaunchScreen.storyboard */; };
		663D84701F4FA15B00717973 /* NotificationCenter.framework in Frameworks */ = {isa = PBXBuildFile; fileRef = 663D846F1F4FA15B00717973 /* NotificationCenter.framework */; };
		663D84731F4FA15B00717973 /* TodayViewController.swift in Sources */ = {isa = PBXBuildFile; fileRef = 663D84721F4FA15B00717973 /* TodayViewController.swift */; };
		663D84761F4FA15B00717973 /* MainInterface.storyboard in Resources */ = {isa = PBXBuildFile; fileRef = 663D84741F4FA15B00717973 /* MainInterface.storyboard */; };
		663D847A1F4FA15B00717973 /* Todays Birds.appex in Embed App Extensions */ = {isa = PBXBuildFile; fileRef = 663D846D1F4FA15B00717973 /* Todays Birds.appex */; settings = {ATTRIBUTES = (RemoveHeadersOnCopy, ); }; };
/* End PBXBuildFile section */

/* Begin PBXContainerItemProxy section */
		6619A6811F50F6080083AAC5 /* PBXContainerItemProxy */ = {
			isa = PBXContainerItemProxy;
			containerPortal = 663D844C1F4FA11600717973 /* Project object */;
			proxyType = 1;
			remoteGlobalIDString = 6619A6741F50F50F0083AAC5;
			remoteInfo = BirdKit;
		};
		6619A6971F54E6B40083AAC5 /* PBXContainerItemProxy */ = {
			isa = PBXContainerItemProxy;
			containerPortal = 663D844C1F4FA11600717973 /* Project object */;
			proxyType = 1;
			remoteGlobalIDString = 6619A68E1F54E6B40083AAC5;
			remoteInfo = BirdTranslator;
		};
		66356F661F578B450032F60E /* PBXContainerItemProxy */ = {
			isa = PBXContainerItemProxy;
			containerPortal = 663D844C1F4FA11600717973 /* Project object */;
			proxyType = 1;
			remoteGlobalIDString = 66356F5D1F578B450032F60E;
			remoteInfo = BirdShare;
		};
		663D84781F4FA15B00717973 /* PBXContainerItemProxy */ = {
			isa = PBXContainerItemProxy;
			containerPortal = 663D844C1F4FA11600717973 /* Project object */;
			proxyType = 1;
			remoteGlobalIDString = 663D846C1F4FA15B00717973;
			remoteInfo = "Todays Birds";
		};
/* End PBXContainerItemProxy section */

/* Begin PBXCopyFilesBuildPhase section */
		6619A6831F50F6080083AAC5 /* Embed Frameworks */ = {
			isa = PBXCopyFilesBuildPhase;
			buildActionMask = 2147483647;
			dstPath = "";
			dstSubfolderSpec = 10;
			files = (
				6619A6801F50F6080083AAC5 /* BirdKit.framework in Embed Frameworks */,
			);
			name = "Embed Frameworks";
			runOnlyForDeploymentPostprocessing = 0;
		};
		663D847E1F4FA15B00717973 /* Embed App Extensions */ = {
			isa = PBXCopyFilesBuildPhase;
			buildActionMask = 2147483647;
			dstPath = "";
			dstSubfolderSpec = 13;
			files = (
				66356F681F578B450032F60E /* BirdShare.appex in Embed App Extensions */,
				663D847A1F4FA15B00717973 /* Todays Birds.appex in Embed App Extensions */,
				6619A6991F54E6B40083AAC5 /* BirdTranslator.appex in Embed App Extensions */,
			);
			name = "Embed App Extensions";
			runOnlyForDeploymentPostprocessing = 0;
		};
/* End PBXCopyFilesBuildPhase section */

/* Begin PBXFileReference section */
		6619A6751F50F5100083AAC5 /* BirdKit.framework */ = {isa = PBXFileReference; explicitFileType = wrapper.framework; includeInIndex = 0; path = BirdKit.framework; sourceTree = BUILT_PRODUCTS_DIR; };
		6619A6771F50F5100083AAC5 /* BirdKit.h */ = {isa = PBXFileReference; lastKnownFileType = sourcecode.c.h; path = BirdKit.h; sourceTree = "<group>"; };
		6619A6781F50F5100083AAC5 /* Info.plist */ = {isa = PBXFileReference; lastKnownFileType = text.plist.xml; path = Info.plist; sourceTree = "<group>"; };
		6619A67D1F50F5390083AAC5 /* BirdCallGenerator.swift */ = {isa = PBXFileReference; lastKnownFileType = sourcecode.swift; path = BirdCallGenerator.swift; sourceTree = "<group>"; };
		6619A6851F54DC7B0083AAC5 /* Media.xcassets */ = {isa = PBXFileReference; lastKnownFileType = folder.assetcatalog; path = Media.xcassets; sourceTree = "<group>"; };
		6619A6891F54DCF50083AAC5 /* BirdFetcher.swift */ = {isa = PBXFileReference; lastKnownFileType = sourcecode.swift; path = BirdFetcher.swift; sourceTree = "<group>"; };
		6619A68F1F54E6B40083AAC5 /* BirdTranslator.appex */ = {isa = PBXFileReference; explicitFileType = "wrapper.app-extension"; includeInIndex = 0; path = BirdTranslator.appex; sourceTree = BUILT_PRODUCTS_DIR; };
		6619A6911F54E6B40083AAC5 /* ActionViewController.swift */ = {isa = PBXFileReference; lastKnownFileType = sourcecode.swift; path = ActionViewController.swift; sourceTree = "<group>"; };
		6619A6941F54E6B40083AAC5 /* Base */ = {isa = PBXFileReference; lastKnownFileType = file.storyboard; name = Base; path = Base.lproj/MainInterface.storyboard; sourceTree = "<group>"; };
		6619A6961F54E6B40083AAC5 /* Info.plist */ = {isa = PBXFileReference; lastKnownFileType = text.plist.xml; path = Info.plist; sourceTree = "<group>"; };
		6619A69D1F54EAF10083AAC5 /* BirdNameTranslator.swift */ = {isa = PBXFileReference; lastKnownFileType = sourcecode.swift; path = BirdNameTranslator.swift; sourceTree = "<group>"; };
		66356F5E1F578B450032F60E /* BirdShare.appex */ = {isa = PBXFileReference; explicitFileType = "wrapper.app-extension"; includeInIndex = 0; path = BirdShare.appex; sourceTree = BUILT_PRODUCTS_DIR; };
		66356F601F578B450032F60E /* ShareViewController.swift */ = {isa = PBXFileReference; lastKnownFileType = sourcecode.swift; path = ShareViewController.swift; sourceTree = "<group>"; };
		66356F631F578B450032F60E /* Base */ = {isa = PBXFileReference; lastKnownFileType = file.storyboard; name = Base; path = Base.lproj/MainInterface.storyboard; sourceTree = "<group>"; };
		66356F651F578B450032F60E /* Info.plist */ = {isa = PBXFileReference; lastKnownFileType = text.plist.xml; path = Info.plist; sourceTree = "<group>"; };
		663D84541F4FA11600717973 /* BirdWatcher.app */ = {isa = PBXFileReference; explicitFileType = wrapper.application; includeInIndex = 0; path = BirdWatcher.app; sourceTree = BUILT_PRODUCTS_DIR; };
		663D84571F4FA11600717973 /* AppDelegate.swift */ = {isa = PBXFileReference; lastKnownFileType = sourcecode.swift; path = AppDelegate.swift; sourceTree = "<group>"; };
		663D84591F4FA11600717973 /* ViewController.swift */ = {isa = PBXFileReference; lastKnownFileType = sourcecode.swift; path = ViewController.swift; sourceTree = "<group>"; };
		663D845C1F4FA11600717973 /* Base */ = {isa = PBXFileReference; lastKnownFileType = file.storyboard; name = Base; path = Base.lproj/Main.storyboard; sourceTree = "<group>"; };
		663D845E1F4FA11600717973 /* Assets.xcassets */ = {isa = PBXFileReference; lastKnownFileType = folder.assetcatalog; path = Assets.xcassets; sourceTree = "<group>"; };
		663D84611F4FA11600717973 /* Base */ = {isa = PBXFileReference; lastKnownFileType = file.storyboard; name = Base; path = Base.lproj/LaunchScreen.storyboard; sourceTree = "<group>"; };
		663D84631F4FA11600717973 /* Info.plist */ = {isa = PBXFileReference; lastKnownFileType = text.plist.xml; path = Info.plist; sourceTree = "<group>"; };
		663D846D1F4FA15B00717973 /* Todays Birds.appex */ = {isa = PBXFileReference; explicitFileType = "wrapper.app-extension"; includeInIndex = 0; path = "Todays Birds.appex"; sourceTree = BUILT_PRODUCTS_DIR; };
		663D846F1F4FA15B00717973 /* NotificationCenter.framework */ = {isa = PBXFileReference; lastKnownFileType = wrapper.framework; name = NotificationCenter.framework; path = System/Library/Frameworks/NotificationCenter.framework; sourceTree = SDKROOT; };
		663D84721F4FA15B00717973 /* TodayViewController.swift */ = {isa = PBXFileReference; lastKnownFileType = sourcecode.swift; path = TodayViewController.swift; sourceTree = "<group>"; };
		663D84751F4FA15B00717973 /* Base */ = {isa = PBXFileReference; lastKnownFileType = file.storyboard; name = Base; path = Base.lproj/MainInterface.storyboard; sourceTree = "<group>"; };
		663D84771F4FA15B00717973 /* Info.plist */ = {isa = PBXFileReference; lastKnownFileType = text.plist.xml; path = Info.plist; sourceTree = "<group>"; };
/* End PBXFileReference section */

/* Begin PBXFrameworksBuildPhase section */
		6619A6711F50F50F0083AAC5 /* Frameworks */ = {
			isa = PBXFrameworksBuildPhase;
			buildActionMask = 2147483647;
			files = (
			);
			runOnlyForDeploymentPostprocessing = 0;
		};
		6619A68C1F54E6B40083AAC5 /* Frameworks */ = {
			isa = PBXFrameworksBuildPhase;
			buildActionMask = 2147483647;
			files = (
				6619A69F1F54EBED0083AAC5 /* BirdKit.framework in Frameworks */,
			);
			runOnlyForDeploymentPostprocessing = 0;
		};
		66356F5B1F578B450032F60E /* Frameworks */ = {
			isa = PBXFrameworksBuildPhase;
			buildActionMask = 2147483647;
			files = (
				66356F6C1F578B590032F60E /* BirdKit.framework in Frameworks */,
			);
			runOnlyForDeploymentPostprocessing = 0;
		};
		663D84511F4FA11600717973 /* Frameworks */ = {
			isa = PBXFrameworksBuildPhase;
			buildActionMask = 2147483647;
			files = (
				6619A67F1F50F6080083AAC5 /* BirdKit.framework in Frameworks */,
			);
			runOnlyForDeploymentPostprocessing = 0;
		};
		663D846A1F4FA15B00717973 /* Frameworks */ = {
			isa = PBXFrameworksBuildPhase;
			buildActionMask = 2147483647;
			files = (
				6619A6841F50F6970083AAC5 /* BirdKit.framework in Frameworks */,
				663D84701F4FA15B00717973 /* NotificationCenter.framework in Frameworks */,
			);
			runOnlyForDeploymentPostprocessing = 0;
		};
/* End PBXFrameworksBuildPhase section */

/* Begin PBXGroup section */
		6619A6761F50F5100083AAC5 /* BirdKit */ = {
			isa = PBXGroup;
			children = (
				6619A6771F50F5100083AAC5 /* BirdKit.h */,
				6619A6781F50F5100083AAC5 /* Info.plist */,
				6619A67D1F50F5390083AAC5 /* BirdCallGenerator.swift */,
				6619A6851F54DC7B0083AAC5 /* Media.xcassets */,
				6619A6891F54DCF50083AAC5 /* BirdFetcher.swift */,
				6619A69D1F54EAF10083AAC5 /* BirdNameTranslator.swift */,
			);
			path = BirdKit;
			sourceTree = "<group>";
		};
		6619A6901F54E6B40083AAC5 /* BirdTranslator */ = {
			isa = PBXGroup;
			children = (
				6619A6911F54E6B40083AAC5 /* ActionViewController.swift */,
				6619A6931F54E6B40083AAC5 /* MainInterface.storyboard */,
				6619A6961F54E6B40083AAC5 /* Info.plist */,
			);
			path = BirdTranslator;
			sourceTree = "<group>";
		};
		66356F5F1F578B450032F60E /* BirdShare */ = {
			isa = PBXGroup;
			children = (
				66356F601F578B450032F60E /* ShareViewController.swift */,
				66356F621F578B450032F60E /* MainInterface.storyboard */,
				66356F651F578B450032F60E /* Info.plist */,
			);
			path = BirdShare;
			sourceTree = "<group>";
		};
		663D844B1F4FA11600717973 = {
			isa = PBXGroup;
			children = (
				663D84561F4FA11600717973 /* BirdWatcher */,
				663D84711F4FA15B00717973 /* Todays Birds */,
				6619A6761F50F5100083AAC5 /* BirdKit */,
				6619A6901F54E6B40083AAC5 /* BirdTranslator */,
				66356F5F1F578B450032F60E /* BirdShare */,
				663D846E1F4FA15B00717973 /* Frameworks */,
				663D84551F4FA11600717973 /* Products */,
			);
			sourceTree = "<group>";
		};
		663D84551F4FA11600717973 /* Products */ = {
			isa = PBXGroup;
			children = (
				663D84541F4FA11600717973 /* BirdWatcher.app */,
				663D846D1F4FA15B00717973 /* Todays Birds.appex */,
				6619A6751F50F5100083AAC5 /* BirdKit.framework */,
				6619A68F1F54E6B40083AAC5 /* BirdTranslator.appex */,
				66356F5E1F578B450032F60E /* BirdShare.appex */,
			);
			name = Products;
			sourceTree = "<group>";
		};
		663D84561F4FA11600717973 /* BirdWatcher */ = {
			isa = PBXGroup;
			children = (
				663D84571F4FA11600717973 /* AppDelegate.swift */,
				663D84591F4FA11600717973 /* ViewController.swift */,
				663D845B1F4FA11600717973 /* Main.storyboard */,
				663D845E1F4FA11600717973 /* Assets.xcassets */,
				663D84601F4FA11600717973 /* LaunchScreen.storyboard */,
				663D84631F4FA11600717973 /* Info.plist */,
			);
			path = BirdWatcher;
			sourceTree = "<group>";
		};
		663D846E1F4FA15B00717973 /* Frameworks */ = {
			isa = PBXGroup;
			children = (
				663D846F1F4FA15B00717973 /* NotificationCenter.framework */,
			);
			name = Frameworks;
			sourceTree = "<group>";
		};
		663D84711F4FA15B00717973 /* Todays Birds */ = {
			isa = PBXGroup;
			children = (
				663D84721F4FA15B00717973 /* TodayViewController.swift */,
				663D84741F4FA15B00717973 /* MainInterface.storyboard */,
				663D84771F4FA15B00717973 /* Info.plist */,
			);
			path = "Todays Birds";
			sourceTree = "<group>";
		};
/* End PBXGroup section */

/* Begin PBXHeadersBuildPhase section */
		6619A6721F50F50F0083AAC5 /* Headers */ = {
			isa = PBXHeadersBuildPhase;
			buildActionMask = 2147483647;
			files = (
				6619A6791F50F5100083AAC5 /* BirdKit.h in Headers */,
			);
			runOnlyForDeploymentPostprocessing = 0;
		};
/* End PBXHeadersBuildPhase section */

/* Begin PBXNativeTarget section */
		6619A6741F50F50F0083AAC5 /* BirdKit */ = {
			isa = PBXNativeTarget;
			buildConfigurationList = 6619A67A1F50F5100083AAC5 /* Build configuration list for PBXNativeTarget "BirdKit" */;
			buildPhases = (
				6619A6701F50F50F0083AAC5 /* Sources */,
				6619A6711F50F50F0083AAC5 /* Frameworks */,
				6619A6721F50F50F0083AAC5 /* Headers */,
				6619A6731F50F50F0083AAC5 /* Resources */,
			);
			buildRules = (
			);
			dependencies = (
			);
			name = BirdKit;
			productName = BirdKit;
			productReference = 6619A6751F50F5100083AAC5 /* BirdKit.framework */;
			productType = "com.apple.product-type.framework";
		};
		6619A68E1F54E6B40083AAC5 /* BirdTranslator */ = {
			isa = PBXNativeTarget;
			buildConfigurationList = 6619A69C1F54E6B40083AAC5 /* Build configuration list for PBXNativeTarget "BirdTranslator" */;
			buildPhases = (
				6619A68B1F54E6B40083AAC5 /* Sources */,
				6619A68C1F54E6B40083AAC5 /* Frameworks */,
				6619A68D1F54E6B40083AAC5 /* Resources */,
			);
			buildRules = (
			);
			dependencies = (
			);
			name = BirdTranslator;
			productName = BirdTranslator;
			productReference = 6619A68F1F54E6B40083AAC5 /* BirdTranslator.appex */;
			productType = "com.apple.product-type.app-extension";
		};
		66356F5D1F578B450032F60E /* BirdShare */ = {
			isa = PBXNativeTarget;
			buildConfigurationList = 66356F6B1F578B450032F60E /* Build configuration list for PBXNativeTarget "BirdShare" */;
			buildPhases = (
				66356F5A1F578B450032F60E /* Sources */,
				66356F5B1F578B450032F60E /* Frameworks */,
				66356F5C1F578B450032F60E /* Resources */,
			);
			buildRules = (
			);
			dependencies = (
			);
			name = BirdShare;
			productName = BirdShare;
			productReference = 66356F5E1F578B450032F60E /* BirdShare.appex */;
			productType = "com.apple.product-type.app-extension";
		};
		663D84531F4FA11600717973 /* BirdWatcher */ = {
			isa = PBXNativeTarget;
			buildConfigurationList = 663D84661F4FA11600717973 /* Build configuration list for PBXNativeTarget "BirdWatcher" */;
			buildPhases = (
				663D84501F4FA11600717973 /* Sources */,
				663D84511F4FA11600717973 /* Frameworks */,
				663D84521F4FA11600717973 /* Resources */,
				663D847E1F4FA15B00717973 /* Embed App Extensions */,
				6619A6831F50F6080083AAC5 /* Embed Frameworks */,
			);
			buildRules = (
			);
			dependencies = (
				663D84791F4FA15B00717973 /* PBXTargetDependency */,
				6619A6821F50F6080083AAC5 /* PBXTargetDependency */,
				6619A6981F54E6B40083AAC5 /* PBXTargetDependency */,
				66356F671F578B450032F60E /* PBXTargetDependency */,
			);
			name = BirdWatcher;
			productName = BirdWatcher;
			productReference = 663D84541F4FA11600717973 /* BirdWatcher.app */;
			productType = "com.apple.product-type.application";
		};
		663D846C1F4FA15B00717973 /* Todays Birds */ = {
			isa = PBXNativeTarget;
			buildConfigurationList = 663D847B1F4FA15B00717973 /* Build configuration list for PBXNativeTarget "Todays Birds" */;
			buildPhases = (
				663D84691F4FA15B00717973 /* Sources */,
				663D846A1F4FA15B00717973 /* Frameworks */,
				663D846B1F4FA15B00717973 /* Resources */,
			);
			buildRules = (
			);
			dependencies = (
			);
			name = "Todays Birds";
			productName = "Todays Birds";
			productReference = 663D846D1F4FA15B00717973 /* Todays Birds.appex */;
			productType = "com.apple.product-type.app-extension";
		};
/* End PBXNativeTarget section */

/* Begin PBXProject section */
		663D844C1F4FA11600717973 /* Project object */ = {
			isa = PBXProject;
			attributes = {
				LastSwiftUpdateCheck = 0900;
				LastUpgradeCheck = 0900;
				ORGANIZATIONNAME = "Adam Smith Software LLC";
				TargetAttributes = {
					6619A6741F50F50F0083AAC5 = {
						CreatedOnToolsVersion = 9.0;
						LastSwiftMigration = 0900;
						ProvisioningStyle = Automatic;
					};
					6619A68E1F54E6B40083AAC5 = {
						CreatedOnToolsVersion = 9.0;
						ProvisioningStyle = Automatic;
					};
					66356F5D1F578B450032F60E = {
						CreatedOnToolsVersion = 9.0;
						ProvisioningStyle = Automatic;
					};
					663D84531F4FA11600717973 = {
						CreatedOnToolsVersion = 9.0;
						ProvisioningStyle = Automatic;
					};
					663D846C1F4FA15B00717973 = {
						CreatedOnToolsVersion = 9.0;
						ProvisioningStyle = Automatic;
					};
				};
			};
			buildConfigurationList = 663D844F1F4FA11600717973 /* Build configuration list for PBXProject "BirdWatcher" */;
			compatibilityVersion = "Xcode 8.0";
			developmentRegion = en;
			hasScannedForEncodings = 0;
			knownRegions = (
				en,
				Base,
			);
			mainGroup = 663D844B1F4FA11600717973;
			productRefGroup = 663D84551F4FA11600717973 /* Products */;
			projectDirPath = "";
			projectRoot = "";
			targets = (
				663D84531F4FA11600717973 /* BirdWatcher */,
				663D846C1F4FA15B00717973 /* Todays Birds */,
				6619A6741F50F50F0083AAC5 /* BirdKit */,
				6619A68E1F54E6B40083AAC5 /* BirdTranslator */,
				66356F5D1F578B450032F60E /* BirdShare */,
			);
		};
/* End PBXProject section */

/* Begin PBXResourcesBuildPhase section */
		6619A6731F50F50F0083AAC5 /* Resources */ = {
			isa = PBXResourcesBuildPhase;
			buildActionMask = 2147483647;
			files = (
				6619A6861F54DC7B0083AAC5 /* Media.xcassets in Resources */,
			);
			runOnlyForDeploymentPostprocessing = 0;
		};
		6619A68D1F54E6B40083AAC5 /* Resources */ = {
			isa = PBXResourcesBuildPhase;
			buildActionMask = 2147483647;
			files = (
				6619A6951F54E6B40083AAC5 /* MainInterface.storyboard in Resources */,
			);
			runOnlyForDeploymentPostprocessing = 0;
		};
		66356F5C1F578B450032F60E /* Resources */ = {
			isa = PBXResourcesBuildPhase;
			buildActionMask = 2147483647;
			files = (
				66356F641F578B450032F60E /* MainInterface.storyboard in Resources */,
			);
			runOnlyForDeploymentPostprocessing = 0;
		};
		663D84521F4FA11600717973 /* Resources */ = {
			isa = PBXResourcesBuildPhase;
			buildActionMask = 2147483647;
			files = (
				663D84621F4FA11600717973 /* LaunchScreen.storyboard in Resources */,
				663D845F1F4FA11600717973 /* Assets.xcassets in Resources */,
				663D845D1F4FA11600717973 /* Main.storyboard in Resources */,
			);
			runOnlyForDeploymentPostprocessing = 0;
		};
		663D846B1F4FA15B00717973 /* Resources */ = {
			isa = PBXResourcesBuildPhase;
			buildActionMask = 2147483647;
			files = (
				663D84761F4FA15B00717973 /* MainInterface.storyboard in Resources */,
			);
			runOnlyForDeploymentPostprocessing = 0;
		};
/* End PBXResourcesBuildPhase section */

/* Begin PBXSourcesBuildPhase section */
		6619A6701F50F50F0083AAC5 /* Sources */ = {
			isa = PBXSourcesBuildPhase;
			buildActionMask = 2147483647;
			files = (
				6619A67E1F50F5390083AAC5 /* BirdCallGenerator.swift in Sources */,
				6619A68A1F54DCF50083AAC5 /* BirdFetcher.swift in Sources */,
				6619A69E1F54EAF10083AAC5 /* BirdNameTranslator.swift in Sources */,
			);
			runOnlyForDeploymentPostprocessing = 0;
		};
		6619A68B1F54E6B40083AAC5 /* Sources */ = {
			isa = PBXSourcesBuildPhase;
			buildActionMask = 2147483647;
			files = (
				6619A6921F54E6B40083AAC5 /* ActionViewController.swift in Sources */,
			);
			runOnlyForDeploymentPostprocessing = 0;
		};
		66356F5A1F578B450032F60E /* Sources */ = {
			isa = PBXSourcesBuildPhase;
			buildActionMask = 2147483647;
			files = (
				66356F611F578B450032F60E /* ShareViewController.swift in Sources */,
			);
			runOnlyForDeploymentPostprocessing = 0;
		};
		663D84501F4FA11600717973 /* Sources */ = {
			isa = PBXSourcesBuildPhase;
			buildActionMask = 2147483647;
			files = (
				663D845A1F4FA11600717973 /* ViewController.swift in Sources */,
				663D84581F4FA11600717973 /* AppDelegate.swift in Sources */,
			);
			runOnlyForDeploymentPostprocessing = 0;
		};
		663D84691F4FA15B00717973 /* Sources */ = {
			isa = PBXSourcesBuildPhase;
			buildActionMask = 2147483647;
			files = (
				663D84731F4FA15B00717973 /* TodayViewController.swift in Sources */,
			);
			runOnlyForDeploymentPostprocessing = 0;
		};
/* End PBXSourcesBuildPhase section */

/* Begin PBXTargetDependency section */
		6619A6821F50F6080083AAC5 /* PBXTargetDependency */ = {
			isa = PBXTargetDependency;
			target = 6619A6741F50F50F0083AAC5 /* BirdKit */;
			targetProxy = 6619A6811F50F6080083AAC5 /* PBXContainerItemProxy */;
		};
		6619A6981F54E6B40083AAC5 /* PBXTargetDependency */ = {
			isa = PBXTargetDependency;
			target = 6619A68E1F54E6B40083AAC5 /* BirdTranslator */;
			targetProxy = 6619A6971F54E6B40083AAC5 /* PBXContainerItemProxy */;
		};
		66356F671F578B450032F60E /* PBXTargetDependency */ = {
			isa = PBXTargetDependency;
			target = 66356F5D1F578B450032F60E /* BirdShare */;
			targetProxy = 66356F661F578B450032F60E /* PBXContainerItemProxy */;
		};
		663D84791F4FA15B00717973 /* PBXTargetDependency */ = {
			isa = PBXTargetDependency;
			target = 663D846C1F4FA15B00717973 /* Todays Birds */;
			targetProxy = 663D84781F4FA15B00717973 /* PBXContainerItemProxy */;
		};
/* End PBXTargetDependency section */

/* Begin PBXVariantGroup section */
		6619A6931F54E6B40083AAC5 /* MainInterface.storyboard */ = {
			isa = PBXVariantGroup;
			children = (
				6619A6941F54E6B40083AAC5 /* Base */,
			);
			name = MainInterface.storyboard;
			sourceTree = "<group>";
		};
		66356F621F578B450032F60E /* MainInterface.storyboard */ = {
			isa = PBXVariantGroup;
			children = (
				66356F631F578B450032F60E /* Base */,
			);
			name = MainInterface.storyboard;
			sourceTree = "<group>";
		};
		663D845B1F4FA11600717973 /* Main.storyboard */ = {
			isa = PBXVariantGroup;
			children = (
				663D845C1F4FA11600717973 /* Base */,
			);
			name = Main.storyboard;
			sourceTree = "<group>";
		};
		663D84601F4FA11600717973 /* LaunchScreen.storyboard */ = {
			isa = PBXVariantGroup;
			children = (
				663D84611F4FA11600717973 /* Base */,
			);
			name = LaunchScreen.storyboard;
			sourceTree = "<group>";
		};
		663D84741F4FA15B00717973 /* MainInterface.storyboard */ = {
			isa = PBXVariantGroup;
			children = (
				663D84751F4FA15B00717973 /* Base */,
			);
			name = MainInterface.storyboard;
			sourceTree = "<group>";
		};
/* End PBXVariantGroup section */

/* Begin XCBuildConfiguration section */
		6619A67B1F50F5100083AAC5 /* Debug */ = {
			isa = XCBuildConfiguration;
			buildSettings = {
				APPLICATION_EXTENSION_API_ONLY = YES;
				CLANG_ENABLE_MODULES = YES;
				CODE_SIGN_IDENTITY = "";
				CODE_SIGN_STYLE = Automatic;
				CURRENT_PROJECT_VERSION = 1;
				DEFINES_MODULE = YES;
				DEVELOPMENT_TEAM = TR4PP43778;
				DYLIB_COMPATIBILITY_VERSION = 1;
				DYLIB_CURRENT_VERSION = 1;
				DYLIB_INSTALL_NAME_BASE = "@rpath";
				INFOPLIST_FILE = BirdKit/Info.plist;
				INSTALL_PATH = "$(LOCAL_LIBRARY_DIR)/Frameworks";
				LD_RUNPATH_SEARCH_PATHS = "$(inherited) @executable_path/Frameworks @loader_path/Frameworks";
				PRODUCT_BUNDLE_IDENTIFIER = com.adamontherun.BirdKit;
				PRODUCT_NAME = "$(TARGET_NAME:c99extidentifier)";
				SKIP_INSTALL = YES;
				SWIFT_OPTIMIZATION_LEVEL = "-Onone";
				SWIFT_VERSION = 4.0;
				TARGETED_DEVICE_FAMILY = "1,2";
				VERSIONING_SYSTEM = "apple-generic";
				VERSION_INFO_PREFIX = "";
			};
			name = Debug;
		};
		6619A67C1F50F5100083AAC5 /* Release */ = {
			isa = XCBuildConfiguration;
			buildSettings = {
				APPLICATION_EXTENSION_API_ONLY = YES;
				CLANG_ENABLE_MODULES = YES;
				CODE_SIGN_IDENTITY = "";
				CODE_SIGN_STYLE = Automatic;
				CURRENT_PROJECT_VERSION = 1;
				DEFINES_MODULE = YES;
				DEVELOPMENT_TEAM = TR4PP43778;
				DYLIB_COMPATIBILITY_VERSION = 1;
				DYLIB_CURRENT_VERSION = 1;
				DYLIB_INSTALL_NAME_BASE = "@rpath";
				INFOPLIST_FILE = BirdKit/Info.plist;
				INSTALL_PATH = "$(LOCAL_LIBRARY_DIR)/Frameworks";
				LD_RUNPATH_SEARCH_PATHS = "$(inherited) @executable_path/Frameworks @loader_path/Frameworks";
				PRODUCT_BUNDLE_IDENTIFIER = com.adamontherun.BirdKit;
				PRODUCT_NAME = "$(TARGET_NAME:c99extidentifier)";
				SKIP_INSTALL = YES;
				SWIFT_VERSION = 4.0;
				TARGETED_DEVICE_FAMILY = "1,2";
				VERSIONING_SYSTEM = "apple-generic";
				VERSION_INFO_PREFIX = "";
			};
			name = Release;
		};
		6619A69A1F54E6B40083AAC5 /* Debug */ = {
			isa = XCBuildConfiguration;
			buildSettings = {
				CODE_SIGN_STYLE = Automatic;
				DEVELOPMENT_TEAM = TR4PP43778;
				INFOPLIST_FILE = BirdTranslator/Info.plist;
				LD_RUNPATH_SEARCH_PATHS = "$(inherited) @executable_path/Frameworks @executable_path/../../Frameworks";
				PRODUCT_BUNDLE_IDENTIFIER = com.adamontherun.BirdWatcher.BirdTranslator;
				PRODUCT_NAME = "$(TARGET_NAME)";
				SKIP_INSTALL = YES;
				SWIFT_VERSION = 4.0;
				TARGETED_DEVICE_FAMILY = "1,2";
			};
			name = Debug;
		};
		6619A69B1F54E6B40083AAC5 /* Release */ = {
			isa = XCBuildConfiguration;
			buildSettings = {
				CODE_SIGN_STYLE = Automatic;
				DEVELOPMENT_TEAM = TR4PP43778;
				INFOPLIST_FILE = BirdTranslator/Info.plist;
				LD_RUNPATH_SEARCH_PATHS = "$(inherited) @executable_path/Frameworks @executable_path/../../Frameworks";
				PRODUCT_BUNDLE_IDENTIFIER = com.adamontherun.BirdWatcher.BirdTranslator;
				PRODUCT_NAME = "$(TARGET_NAME)";
				SKIP_INSTALL = YES;
				SWIFT_VERSION = 4.0;
				TARGETED_DEVICE_FAMILY = "1,2";
			};
			name = Release;
		};
		66356F691F578B450032F60E /* Debug */ = {
			isa = XCBuildConfiguration;
			buildSettings = {
				CODE_SIGN_STYLE = Automatic;
				DEVELOPMENT_TEAM = TR4PP43778;
				INFOPLIST_FILE = BirdShare/Info.plist;
				LD_RUNPATH_SEARCH_PATHS = "$(inherited) @executable_path/Frameworks @executable_path/../../Frameworks";
				PRODUCT_BUNDLE_IDENTIFIER = com.adamontherun.BirdWatcher.BirdShare;
				PRODUCT_NAME = "$(TARGET_NAME)";
				SKIP_INSTALL = YES;
				SWIFT_VERSION = 4.0;
				TARGETED_DEVICE_FAMILY = "1,2";
			};
			name = Debug;
		};
		66356F6A1F578B450032F60E /* Release */ = {
			isa = XCBuildConfiguration;
			buildSettings = {
				CODE_SIGN_STYLE = Automatic;
				DEVELOPMENT_TEAM = TR4PP43778;
				INFOPLIST_FILE = BirdShare/Info.plist;
				LD_RUNPATH_SEARCH_PATHS = "$(inherited) @executable_path/Frameworks @executable_path/../../Frameworks";
				PRODUCT_BUNDLE_IDENTIFIER = com.adamontherun.BirdWatcher.BirdShare;
				PRODUCT_NAME = "$(TARGET_NAME)";
				SKIP_INSTALL = YES;
				SWIFT_VERSION = 4.0;
				TARGETED_DEVICE_FAMILY = "1,2";
			};
			name = Release;
		};
		663D84641F4FA11600717973 /* Debug */ = {
			isa = XCBuildConfiguration;
			buildSettings = {
				ALWAYS_SEARCH_USER_PATHS = NO;
				CLANG_ANALYZER_NONNULL = YES;
				CLANG_ANALYZER_NUMBER_OBJECT_CONVERSION = YES_AGGRESSIVE;
				CLANG_CXX_LANGUAGE_STANDARD = "gnu++14";
				CLANG_CXX_LIBRARY = "libc++";
				CLANG_ENABLE_MODULES = YES;
				CLANG_ENABLE_OBJC_ARC = YES;
				CLANG_WARN_BLOCK_CAPTURE_AUTORELEASING = YES;
				CLANG_WARN_BOOL_CONVERSION = YES;
				CLANG_WARN_COMMA = YES;
				CLANG_WARN_CONSTANT_CONVERSION = YES;
				CLANG_WARN_DIRECT_OBJC_ISA_USAGE = YES_ERROR;
				CLANG_WARN_DOCUMENTATION_COMMENTS = YES;
				CLANG_WARN_EMPTY_BODY = YES;
				CLANG_WARN_ENUM_CONVERSION = YES;
				CLANG_WARN_INFINITE_RECURSION = YES;
				CLANG_WARN_INT_CONVERSION = YES;
				CLANG_WARN_NON_LITERAL_NULL_CONVERSION = YES;
				CLANG_WARN_OBJC_LITERAL_CONVERSION = YES;
				CLANG_WARN_OBJC_ROOT_CLASS = YES_ERROR;
				CLANG_WARN_RANGE_LOOP_ANALYSIS = YES;
				CLANG_WARN_STRICT_PROTOTYPES = YES;
				CLANG_WARN_SUSPICIOUS_MOVE = YES;
				CLANG_WARN_UNGUARDED_AVAILABILITY = YES_AGGRESSIVE;
				CLANG_WARN_UNREACHABLE_CODE = YES;
				CLANG_WARN__DUPLICATE_METHOD_MATCH = YES;
				CODE_SIGN_IDENTITY = "iPhone Developer";
				COPY_PHASE_STRIP = NO;
				DEBUG_INFORMATION_FORMAT = dwarf;
				ENABLE_STRICT_OBJC_MSGSEND = YES;
				ENABLE_TESTABILITY = YES;
				GCC_C_LANGUAGE_STANDARD = gnu11;
				GCC_DYNAMIC_NO_PIC = NO;
				GCC_NO_COMMON_BLOCKS = YES;
				GCC_OPTIMIZATION_LEVEL = 0;
				GCC_PREPROCESSOR_DEFINITIONS = (
					"DEBUG=1",
					"$(inherited)",
				);
				GCC_WARN_64_TO_32_BIT_CONVERSION = YES;
				GCC_WARN_ABOUT_RETURN_TYPE = YES_ERROR;
				GCC_WARN_UNDECLARED_SELECTOR = YES;
				GCC_WARN_UNINITIALIZED_AUTOS = YES_AGGRESSIVE;
				GCC_WARN_UNUSED_FUNCTION = YES;
				GCC_WARN_UNUSED_VARIABLE = YES;
				IPHONEOS_DEPLOYMENT_TARGET = 11.0;
				MTL_ENABLE_DEBUG_INFO = YES;
				ONLY_ACTIVE_ARCH = YES;
				SDKROOT = iphoneos;
				SWIFT_ACTIVE_COMPILATION_CONDITIONS = DEBUG;
				SWIFT_OPTIMIZATION_LEVEL = "-Onone";
			};
			name = Debug;
		};
		663D84651F4FA11600717973 /* Release */ = {
			isa = XCBuildConfiguration;
			buildSettings = {
				ALWAYS_SEARCH_USER_PATHS = NO;
				CLANG_ANALYZER_NONNULL = YES;
				CLANG_ANALYZER_NUMBER_OBJECT_CONVERSION = YES_AGGRESSIVE;
				CLANG_CXX_LANGUAGE_STANDARD = "gnu++14";
				CLANG_CXX_LIBRARY = "libc++";
				CLANG_ENABLE_MODULES = YES;
				CLANG_ENABLE_OBJC_ARC = YES;
				CLANG_WARN_BLOCK_CAPTURE_AUTORELEASING = YES;
				CLANG_WARN_BOOL_CONVERSION = YES;
				CLANG_WARN_COMMA = YES;
				CLANG_WARN_CONSTANT_CONVERSION = YES;
				CLANG_WARN_DIRECT_OBJC_ISA_USAGE = YES_ERROR;
				CLANG_WARN_DOCUMENTATION_COMMENTS = YES;
				CLANG_WARN_EMPTY_BODY = YES;
				CLANG_WARN_ENUM_CONVERSION = YES;
				CLANG_WARN_INFINITE_RECURSION = YES;
				CLANG_WARN_INT_CONVERSION = YES;
				CLANG_WARN_NON_LITERAL_NULL_CONVERSION = YES;
				CLANG_WARN_OBJC_LITERAL_CONVERSION = YES;
				CLANG_WARN_OBJC_ROOT_CLASS = YES_ERROR;
				CLANG_WARN_RANGE_LOOP_ANALYSIS = YES;
				CLANG_WARN_STRICT_PROTOTYPES = YES;
				CLANG_WARN_SUSPICIOUS_MOVE = YES;
				CLANG_WARN_UNGUARDED_AVAILABILITY = YES_AGGRESSIVE;
				CLANG_WARN_UNREACHABLE_CODE = YES;
				CLANG_WARN__DUPLICATE_METHOD_MATCH = YES;
				CODE_SIGN_IDENTITY = "iPhone Developer";
				COPY_PHASE_STRIP = NO;
				DEBUG_INFORMATION_FORMAT = "dwarf-with-dsym";
				ENABLE_NS_ASSERTIONS = NO;
				ENABLE_STRICT_OBJC_MSGSEND = YES;
				GCC_C_LANGUAGE_STANDARD = gnu11;
				GCC_NO_COMMON_BLOCKS = YES;
				GCC_WARN_64_TO_32_BIT_CONVERSION = YES;
				GCC_WARN_ABOUT_RETURN_TYPE = YES_ERROR;
				GCC_WARN_UNDECLARED_SELECTOR = YES;
				GCC_WARN_UNINITIALIZED_AUTOS = YES_AGGRESSIVE;
				GCC_WARN_UNUSED_FUNCTION = YES;
				GCC_WARN_UNUSED_VARIABLE = YES;
				IPHONEOS_DEPLOYMENT_TARGET = 11.0;
				MTL_ENABLE_DEBUG_INFO = NO;
				SDKROOT = iphoneos;
				SWIFT_OPTIMIZATION_LEVEL = "-Owholemodule";
				VALIDATE_PRODUCT = YES;
			};
			name = Release;
		};
		663D84671F4FA11600717973 /* Debug */ = {
			isa = XCBuildConfiguration;
			buildSettings = {
				ALWAYS_EMBED_SWIFT_STANDARD_LIBRARIES = YES;
				ASSETCATALOG_COMPILER_APPICON_NAME = AppIcon;
				CODE_SIGN_STYLE = Automatic;
				DEVELOPMENT_TEAM = TR4PP43778;
				INFOPLIST_FILE = BirdWatcher/Info.plist;
				LD_RUNPATH_SEARCH_PATHS = "$(inherited) @executable_path/Frameworks";
				PRODUCT_BUNDLE_IDENTIFIER = com.adamontherun.BirdWatcher;
				PRODUCT_NAME = "$(TARGET_NAME)";
				SWIFT_VERSION = 4.0;
				TARGETED_DEVICE_FAMILY = "1,2";
			};
			name = Debug;
		};
		663D84681F4FA11600717973 /* Release */ = {
			isa = XCBuildConfiguration;
			buildSettings = {
				ALWAYS_EMBED_SWIFT_STANDARD_LIBRARIES = YES;
				ASSETCATALOG_COMPILER_APPICON_NAME = AppIcon;
				CODE_SIGN_STYLE = Automatic;
				DEVELOPMENT_TEAM = TR4PP43778;
				INFOPLIST_FILE = BirdWatcher/Info.plist;
				LD_RUNPATH_SEARCH_PATHS = "$(inherited) @executable_path/Frameworks";
				PRODUCT_BUNDLE_IDENTIFIER = com.adamontherun.BirdWatcher;
				PRODUCT_NAME = "$(TARGET_NAME)";
				SWIFT_VERSION = 4.0;
				TARGETED_DEVICE_FAMILY = "1,2";
			};
			name = Release;
		};
		663D847C1F4FA15B00717973 /* Debug */ = {
			isa = XCBuildConfiguration;
			buildSettings = {
				CODE_SIGN_STYLE = Automatic;
				DEVELOPMENT_TEAM = TR4PP43778;
				INFOPLIST_FILE = "Todays Birds/Info.plist";
				LD_RUNPATH_SEARCH_PATHS = "$(inherited) @executable_path/Frameworks @executable_path/../../Frameworks";
				PRODUCT_BUNDLE_IDENTIFIER = "com.adamontherun.BirdWatcher.Todays-Birds";
				PRODUCT_NAME = "$(TARGET_NAME)";
				SKIP_INSTALL = YES;
				SWIFT_VERSION = 4.0;
				TARGETED_DEVICE_FAMILY = "1,2";
			};
			name = Debug;
		};
		663D847D1F4FA15B00717973 /* Release */ = {
			isa = XCBuildConfiguration;
			buildSettings = {
				CODE_SIGN_STYLE = Automatic;
				DEVELOPMENT_TEAM = TR4PP43778;
				INFOPLIST_FILE = "Todays Birds/Info.plist";
				LD_RUNPATH_SEARCH_PATHS = "$(inherited) @executable_path/Frameworks @executable_path/../../Frameworks";
				PRODUCT_BUNDLE_IDENTIFIER = "com.adamontherun.BirdWatcher.Todays-Birds";
				PRODUCT_NAME = "$(TARGET_NAME)";
				SKIP_INSTALL = YES;
				SWIFT_VERSION = 4.0;
				TARGETED_DEVICE_FAMILY = "1,2";
			};
			name = Release;
		};
/* End XCBuildConfiguration section */

/* Begin XCConfigurationList section */
		6619A67A1F50F5100083AAC5 /* Build configuration list for PBXNativeTarget "BirdKit" */ = {
			isa = XCConfigurationList;
			buildConfigurations = (
				6619A67B1F50F5100083AAC5 /* Debug */,
				6619A67C1F50F5100083AAC5 /* Release */,
			);
			defaultConfigurationIsVisible = 0;
			defaultConfigurationName = Release;
		};
		6619A69C1F54E6B40083AAC5 /* Build configuration list for PBXNativeTarget "BirdTranslator" */ = {
			isa = XCConfigurationList;
			buildConfigurations = (
				6619A69A1F54E6B40083AAC5 /* Debug */,
				6619A69B1F54E6B40083AAC5 /* Release */,
			);
			defaultConfigurationIsVisible = 0;
			defaultConfigurationName = Release;
		};
		66356F6B1F578B450032F60E /* Build configuration list for PBXNativeTarget "BirdShare" */ = {
			isa = XCConfigurationList;
			buildConfigurations = (
				66356F691F578B450032F60E /* Debug */,
				66356F6A1F578B450032F60E /* Release */,
			);
			defaultConfigurationIsVisible = 0;
			defaultConfigurationName = Release;
		};
		663D844F1F4FA11600717973 /* Build configuration list for PBXProject "BirdWatcher" */ = {
			isa = XCConfigurationList;
			buildConfigurations = (
				663D84641F4FA11600717973 /* Debug */,
				663D84651F4FA11600717973 /* Release */,
			);
			defaultConfigurationIsVisible = 0;
			defaultConfigurationName = Release;
		};
		663D84661F4FA11600717973 /* Build configuration list for PBXNativeTarget "BirdWatcher" */ = {
			isa = XCConfigurationList;
			buildConfigurations = (
				663D84671F4FA11600717973 /* Debug */,
				663D84681F4FA11600717973 /* Release */,
			);
			defaultConfigurationIsVisible = 0;
			defaultConfigurationName = Release;
		};
		663D847B1F4FA15B00717973 /* Build configuration list for PBXNativeTarget "Todays Birds" */ = {
			isa = XCConfigurationList;
			buildConfigurations = (
				663D847C1F4FA15B00717973 /* Debug */,
				663D847D1F4FA15B00717973 /* Release */,
			);
			defaultConfigurationIsVisible = 0;
			defaultConfigurationName = Release;
		};
/* End XCConfigurationList section */
	};
	rootObject = 663D844C1F4FA11600717973 /* Project object */;
}
