// !$*UTF8*$!
{
	archiveVersion = 1;
	classes = {
	};
	objectVersion = 48;
	objects = {

/* Begin PBXBuildFile section */
		665DD5151F42725A00E0034D /* AppDelegate.swift in Sources */ = {isa = PBXBuildFile; fileRef = 665DD5141F42725A00E0034D /* AppDelegate.swift */; };
		665DD5171F42725A00E0034D /* art.scnassets in Resources */ = {isa = PBXBuildFile; fileRef = 665DD5161F42725A00E0034D /* art.scnassets */; };
		665DD5191F42725A00E0034D /* ViewController.swift in Sources */ = {isa = PBXBuildFile; fileRef = 665DD5181F42725A00E0034D /* ViewController.swift */; };
		665DD51C1F42725A00E0034D /* Main.storyboard in Resources */ = {isa = PBXBuildFile; fileRef = 665DD51A1F42725A00E0034D /* Main.storyboard */; };
		665DD51E1F42725A00E0034D /* Assets.xcassets in Resources */ = {isa = PBXBuildFile; fileRef = 665DD51D1F42725A00E0034D /* Assets.xcassets */; };
		665DD5211F42725A00E0034D /* LaunchScreen.storyboard in Resources */ = {isa = PBXBuildFile; fileRef = 665DD51F1F42725A00E0034D /* LaunchScreen.storyboard */; };
		66701E121F42771D00E7DEEE /* OverlayPlane.swift in Sources */ = {isa = PBXBuildFile; fileRef = 66701E111F42771D00E7DEEE /* OverlayPlane.swift */; };
/* End PBXBuildFile section */

/* Begin PBXFileReference section */
		665DD5111F42725A00E0034D /* ARKit101.app */ = {isa = PBXFileReference; explicitFileType = wrapper.application; includeInIndex = 0; path = ARKit101.app; sourceTree = BUILT_PRODUCTS_DIR; };
		665DD5141F42725A00E0034D /* AppDelegate.swift */ = {isa = PBXFileReference; lastKnownFileType = sourcecode.swift; path = AppDelegate.swift; sourceTree = "<group>"; };
		665DD5161F42725A00E0034D /* art.scnassets */ = {isa = PBXFileReference; lastKnownFileType = wrapper.scnassets; path = art.scnassets; sourceTree = "<group>"; };
		665DD5181F42725A00E0034D /* ViewController.swift */ = {isa = PBXFileReference; lastKnownFileType = sourcecode.swift; path = ViewController.swift; sourceTree = "<group>"; };
		665DD51B1F42725A00E0034D /* Base */ = {isa = PBXFileReference; lastKnownFileType = file.storyboard; name = Base; path = Base.lproj/Main.storyboard; sourceTree = "<group>"; };
		665DD51D1F42725A00E0034D /* Assets.xcassets */ = {isa = PBXFileReference; lastKnownFileType = folder.assetcatalog; path = Assets.xcassets; sourceTree = "<group>"; };
		665DD5201F42725A00E0034D /* Base */ = {isa = PBXFileReference; lastKnownFileType = file.storyboard; name = Base; path = Base.lproj/LaunchScreen.storyboard; sourceTree = "<group>"; };
		665DD5221F42725A00E0034D /* Info.plist */ = {isa = PBXFileReference; lastKnownFileType = text.plist.xml; path = Info.plist; sourceTree = "<group>"; };
		66701E111F42771D00E7DEEE /* OverlayPlane.swift */ = {isa = PBXFileReference; lastKnownFileType = sourcecode.swift; path = OverlayPlane.swift; sourceTree = "<group>"; };
/* End PBXFileReference section */

/* Begin PBXFrameworksBuildPhase section */
		665DD50E1F42725A00E0034D /* Frameworks */ = {
			isa = PBXFrameworksBuildPhase;
			buildActionMask = 2147483647;
			files = (
			);
			runOnlyForDeploymentPostprocessing = 0;
		};
/* End PBXFrameworksBuildPhase section */

/* Begin PBXGroup section */
		665DD5081F42725A00E0034D = {
			isa = PBXGroup;
			children = (
				665DD5131F42725A00E0034D /* ARKit101 */,
				665DD5121F42725A00E0034D /* Products */,
			);
			sourceTree = "<group>";
		};
		665DD5121F42725A00E0034D /* Products */ = {
			isa = PBXGroup;
			children = (
				665DD5111F42725A00E0034D /* ARKit101.app */,
			);
			name = Products;
			sourceTree = "<group>";
		};
		665DD5131F42725A00E0034D /* ARKit101 */ = {
			isa = PBXGroup;
			children = (
				665DD5141F42725A00E0034D /* AppDelegate.swift */,
				665DD5161F42725A00E0034D /* art.scnassets */,
				665DD5181F42725A00E0034D /* ViewController.swift */,
				665DD51A1F42725A00E0034D /* Main.storyboard */,
				665DD51D1F42725A00E0034D /* Assets.xcassets */,
				665DD51F1F42725A00E0034D /* LaunchScreen.storyboard */,
				665DD5221F42725A00E0034D /* Info.plist */,
				66701E111F42771D00E7DEEE /* OverlayPlane.swift */,
			);
			path = ARKit101;
			sourceTree = "<group>";
		};
/* End PBXGroup section */

/* Begin PBXNativeTarget section */
		665DD5101F42725A00E0034D /* ARKit101 */ = {
			isa = PBXNativeTarget;
			buildConfigurationList = 665DD5251F42725A00E0034D /* Build configuration list for PBXNativeTarget "ARKit101" */;
			buildPhases = (
				665DD50D1F42725A00E0034D /* Sources */,
				665DD50E1F42725A00E0034D /* Frameworks */,
				665DD50F1F42725A00E0034D /* Resources */,
			);
			buildRules = (
			);
			dependencies = (
			);
			name = ARKit101;
			productName = ARKit101;
			productReference = 665DD5111F42725A00E0034D /* ARKit101.app */;
			productType = "com.apple.product-type.application";
		};
/* End PBXNativeTarget section */

/* Begin PBXProject section */
		665DD5091F42725A00E0034D /* Project object */ = {
			isa = PBXProject;
			attributes = {
				LastSwiftUpdateCheck = 0900;
				LastUpgradeCheck = 0900;
				ORGANIZATIONNAME = "Adam Smith Software LLC";
				TargetAttributes = {
					665DD5101F42725A00E0034D = {
						CreatedOnToolsVersion = 9.0;
					};
				};
			};
			buildConfigurationList = 665DD50C1F42725A00E0034D /* Build configuration list for PBXProject "ARKit101" */;
			compatibilityVersion = "Xcode 8.0";
			developmentRegion = en;
			hasScannedForEncodings = 0;
			knownRegions = (
				en,
				Base,
			);
			mainGroup = 665DD5081F42725A00E0034D;
			productRefGroup = 665DD5121F42725A00E0034D /* Products */;
			projectDirPath = "";
			projectRoot = "";
			targets = (
				665DD5101F42725A00E0034D /* ARKit101 */,
			);
		};
/* End PBXProject section */

/* Begin PBXResourcesBuildPhase section */
		665DD50F1F42725A00E0034D /* Resources */ = {
			isa = PBXResourcesBuildPhase;
			buildActionMask = 2147483647;
			files = (
				665DD5171F42725A00E0034D /* art.scnassets in Resources */,
				665DD5211F42725A00E0034D /* LaunchScreen.storyboard in Resources */,
				665DD51E1F42725A00E0034D /* Assets.xcassets in Resources */,
				665DD51C1F42725A00E0034D /* Main.storyboard in Resources */,
			);
			runOnlyForDeploymentPostprocessing = 0;
		};
/* End PBXResourcesBuildPhase section */

/* Begin PBXSourcesBuildPhase section */
		665DD50D1F42725A00E0034D /* Sources */ = {
			isa = PBXSourcesBuildPhase;
			buildActionMask = 2147483647;
			files = (
				665DD5191F42725A00E0034D /* ViewController.swift in Sources */,
				66701E121F42771D00E7DEEE /* OverlayPlane.swift in Sources */,
				665DD5151F42725A00E0034D /* AppDelegate.swift in Sources */,
			);
			runOnlyForDeploymentPostprocessing = 0;
		};
/* End PBXSourcesBuildPhase section */

/* Begin PBXVariantGroup section */
		665DD51A1F42725A00E0034D /* Main.storyboard */ = {
			isa = PBXVariantGroup;
			children = (
				665DD51B1F42725A00E0034D /* Base */,
			);
			name = Main.storyboard;
			sourceTree = "<group>";
		};
		665DD51F1F42725A00E0034D /* LaunchScreen.storyboard */ = {
			isa = PBXVariantGroup;
			children = (
				665DD5201F42725A00E0034D /* Base */,
			);
			name = LaunchScreen.storyboard;
			sourceTree = "<group>";
		};
/* End PBXVariantGroup section */

/* Begin XCBuildConfiguration section */
		665DD5231F42725A00E0034D /* Debug */ = {
			isa = XCBuildConfiguration;
			buildSettings = {
				ALWAYS_SEARCH_USER_PATHS = NO;
				CLANG_ANALYZER_NONNULL = YES;
				CLANG_ANALYZER_NUMBER_OBJECT_CONVERSION = YES_AGGRESSIVE;
				CLANG_CXX_LANGUAGE_STANDARD = "gnu++14";
				CLANG_CXX_LIBRARY = "libc++";
				CLANG_ENABLE_MODULES = YES;
				CLANG_ENABLE_OBJC_ARC = YES;
				CLANG_WARN_BLOCK_CAPTURE_AUTORELEASING = YES;
				CLANG_WARN_BOOL_CONVERSION = YES;
				CLANG_WARN_COMMA = YES;
				CLANG_WARN_CONSTANT_CONVERSION = YES;
				CLANG_WARN_DIRECT_OBJC_ISA_USAGE = YES_ERROR;
				CLANG_WARN_DOCUMENTATION_COMMENTS = YES;
				CLANG_WARN_EMPTY_BODY = YES;
				CLANG_WARN_ENUM_CONVERSION = YES;
				CLANG_WARN_INFINITE_RECURSION = YES;
				CLANG_WARN_INT_CONVERSION = YES;
				CLANG_WARN_NON_LITERAL_NULL_CONVERSION = YES;
				CLANG_WARN_OBJC_LITERAL_CONVERSION = YES;
				CLANG_WARN_OBJC_ROOT_CLASS = YES_ERROR;
				CLANG_WARN_RANGE_LOOP_ANALYSIS = YES;
				CLANG_WARN_STRICT_PROTOTYPES = YES;
				CLANG_WARN_SUSPICIOUS_MOVE = YES;
				CLANG_WARN_UNGUARDED_AVAILABILITY = YES_AGGRESSIVE;
				CLANG_WARN_UNREACHABLE_CODE = YES;
				CLANG_WARN__DUPLICATE_METHOD_MATCH = YES;
				CODE_SIGN_IDENTITY = "iPhone Developer";
				COPY_PHASE_STRIP = NO;
				DEBUG_INFORMATION_FORMAT = dwarf;
				ENABLE_STRICT_OBJC_MSGSEND = YES;
				ENABLE_TESTABILITY = YES;
				GCC_C_LANGUAGE_STANDARD = gnu11;
				GCC_DYNAMIC_NO_PIC = NO;
				GCC_NO_COMMON_BLOCKS = YES;
				GCC_OPTIMIZATION_LEVEL = 0;
				GCC_PREPROCESSOR_DEFINITIONS = (
					"DEBUG=1",
					"$(inherited)",
				);
				GCC_WARN_64_TO_32_BIT_CONVERSION = YES;
				GCC_WARN_ABOUT_RETURN_TYPE = YES_ERROR;
				GCC_WARN_UNDECLARED_SELECTOR = YES;
				GCC_WARN_UNINITIALIZED_AUTOS = YES_AGGRESSIVE;
				GCC_WARN_UNUSED_FUNCTION = YES;
				GCC_WARN_UNUSED_VARIABLE = YES;
				IPHONEOS_DEPLOYMENT_TARGET = 11.0;
				MTL_ENABLE_DEBUG_INFO = YES;
				ONLY_ACTIVE_ARCH = YES;
				SDKROOT = iphoneos;
				SWIFT_ACTIVE_COMPILATION_CONDITIONS = DEBUG;
				SWIFT_OPTIMIZATION_LEVEL = "-Onone";
			};
			name = Debug;
		};
		665DD5241F42725A00E0034D /* Release */ = {
			isa = XCBuildConfiguration;
			buildSettings = {
				ALWAYS_SEARCH_USER_PATHS = NO;
				CLANG_ANALYZER_NONNULL = YES;
				CLANG_ANALYZER_NUMBER_OBJECT_CONVERSION = YES_AGGRESSIVE;
				CLANG_CXX_LANGUAGE_STANDARD = "gnu++14";
				CLANG_CXX_LIBRARY = "libc++";
				CLANG_ENABLE_MODULES = YES;
				CLANG_ENABLE_OBJC_ARC = YES;
				CLANG_WARN_BLOCK_CAPTURE_AUTORELEASING = YES;
				CLANG_WARN_BOOL_CONVERSION = YES;
				CLANG_WARN_COMMA = YES;
				CLANG_WARN_CONSTANT_CONVERSION = YES;
				CLANG_WARN_DIRECT_OBJC_ISA_USAGE = YES_ERROR;
				CLANG_WARN_DOCUMENTATION_COMMENTS = YES;
				CLANG_WARN_EMPTY_BODY = YES;
				CLANG_WARN_ENUM_CONVERSION = YES;
				CLANG_WARN_INFINITE_RECURSION = YES;
				CLANG_WARN_INT_CONVERSION = YES;
				CLANG_WARN_NON_LITERAL_NULL_CONVERSION = YES;
				CLANG_WARN_OBJC_LITERAL_CONVERSION = YES;
				CLANG_WARN_OBJC_ROOT_CLASS = YES_ERROR;
				CLANG_WARN_RANGE_LOOP_ANALYSIS = YES;
				CLANG_WARN_STRICT_PROTOTYPES = YES;
				CLANG_WARN_SUSPICIOUS_MOVE = YES;
				CLANG_WARN_UNGUARDED_AVAILABILITY = YES_AGGRESSIVE;
				CLANG_WARN_UNREACHABLE_CODE = YES;
				CLANG_WARN__DUPLICATE_METHOD_MATCH = YES;
				CODE_SIGN_IDENTITY = "iPhone Developer";
				COPY_PHASE_STRIP = NO;
				DEBUG_INFORMATION_FORMAT = "dwarf-with-dsym";
				ENABLE_NS_ASSERTIONS = NO;
				ENABLE_STRICT_OBJC_MSGSEND = YES;
				GCC_C_LANGUAGE_STANDARD = gnu11;
				GCC_NO_COMMON_BLOCKS = YES;
				GCC_WARN_64_TO_32_BIT_CONVERSION = YES;
				GCC_WARN_ABOUT_RETURN_TYPE = YES_ERROR;
				GCC_WARN_UNDECLARED_SELECTOR = YES;
				GCC_WARN_UNINITIALIZED_AUTOS = YES_AGGRESSIVE;
				GCC_WARN_UNUSED_FUNCTION = YES;
				GCC_WARN_UNUSED_VARIABLE = YES;
				IPHONEOS_DEPLOYMENT_TARGET = 11.0;
				MTL_ENABLE_DEBUG_INFO = NO;
				SDKROOT = iphoneos;
				SWIFT_OPTIMIZATION_LEVEL = "-Owholemodule";
				VALIDATE_PRODUCT = YES;
			};
			name = Release;
		};
		665DD5261F42725A00E0034D /* Debug */ = {
			isa = XCBuildConfiguration;
			buildSettings = {
				ASSETCATALOG_COMPILER_APPICON_NAME = AppIcon;
				DEVELOPMENT_TEAM = TR4PP43778;
				INFOPLIST_FILE = ARKit101/Info.plist;
				LD_RUNPATH_SEARCH_PATHS = "$(inherited) @executable_path/Frameworks";
				PRODUCT_BUNDLE_IDENTIFIER = com.adamontherun.ARKit101;
				PRODUCT_NAME = "$(TARGET_NAME)";
				SWIFT_VERSION = 4.0;
				TARGETED_DEVICE_FAMILY = "1,2";
			};
			name = Debug;
		};
		665DD5271F42725A00E0034D /* Release */ = {
			isa = XCBuildConfiguration;
			buildSettings = {
				ASSETCATALOG_COMPILER_APPICON_NAME = AppIcon;
				DEVELOPMENT_TEAM = TR4PP43778;
				INFOPLIST_FILE = ARKit101/Info.plist;
				LD_RUNPATH_SEARCH_PATHS = "$(inherited) @executable_path/Frameworks";
				PRODUCT_BUNDLE_IDENTIFIER = com.adamontherun.ARKit101;
				PRODUCT_NAME = "$(TARGET_NAME)";
				SWIFT_VERSION = 4.0;
				TARGETED_DEVICE_FAMILY = "1,2";
			};
			name = Release;
		};
/* End XCBuildConfiguration section */

/* Begin XCConfigurationList section */
		665DD50C1F42725A00E0034D /* Build configuration list for PBXProject "ARKit101" */ = {
			isa = XCConfigurationList;
			buildConfigurations = (
				665DD5231F42725A00E0034D /* Debug */,
				665DD5241F42725A00E0034D /* Release */,
			);
			defaultConfigurationIsVisible = 0;
			defaultConfigurationName = Release;
		};
		665DD5251F42725A00E0034D /* Build configuration list for PBXNativeTarget "ARKit101" */ = {
			isa = XCConfigurationList;
			buildConfigurations = (
				665DD5261F42725A00E0034D /* Debug */,
				665DD5271F42725A00E0034D /* Release */,
			);
			defaultConfigurationIsVisible = 0;
			defaultConfigurationName = Release;
		};
/* End XCConfigurationList section */
	};
	rootObject = 665DD5091F42725A00E0034D /* Project object */;
}
