// !$*UTF8*$!
{
	archiveVersion = 1;
	classes = {
	};
	objectVersion = 48;
	objects = {

/* Begin PBXBuildFile section */
		667901361F3A892E0015DEAB /* AppDelegate.swift in Sources */ = {isa = PBXBuildFile; fileRef = 667901351F3A892E0015DEAB /* AppDelegate.swift */; };
		667901381F3A892E0015DEAB /* ViewController.swift in Sources */ = {isa = PBXBuildFile; fileRef = 667901371F3A892E0015DEAB /* ViewController.swift */; };
		6679013B1F3A892E0015DEAB /* Main.storyboard in Resources */ = {isa = PBXBuildFile; fileRef = 667901391F3A892E0015DEAB /* Main.storyboard */; };
		6679013D1F3A892E0015DEAB /* Assets.xcassets in Resources */ = {isa = PBXBuildFile; fileRef = 6679013C1F3A892E0015DEAB /* Assets.xcassets */; };
		667901401F3A892E0015DEAB /* LaunchScreen.storyboard in Resources */ = {isa = PBXBuildFile; fileRef = 6679013E1F3A892E0015DEAB /* LaunchScreen.storyboard */; };
/* End PBXBuildFile section */

/* Begin PBXFileReference section */
		667901321F3A892E0015DEAB /* DragAndDropPassData.app */ = {isa = PBXFileReference; explicitFileType = wrapper.application; includeInIndex = 0; path = DragAndDropPassData.app; sourceTree = BUILT_PRODUCTS_DIR; };
		667901351F3A892E0015DEAB /* AppDelegate.swift */ = {isa = PBXFileReference; lastKnownFileType = sourcecode.swift; path = AppDelegate.swift; sourceTree = "<group>"; };
		667901371F3A892E0015DEAB /* ViewController.swift */ = {isa = PBXFileReference; lastKnownFileType = sourcecode.swift; path = ViewController.swift; sourceTree = "<group>"; };
		6679013A1F3A892E0015DEAB /* Base */ = {isa = PBXFileReference; lastKnownFileType = file.storyboard; name = Base; path = Base.lproj/Main.storyboard; sourceTree = "<group>"; };
		6679013C1F3A892E0015DEAB /* Assets.xcassets */ = {isa = PBXFileReference; lastKnownFileType = folder.assetcatalog; path = Assets.xcassets; sourceTree = "<group>"; };
		6679013F1F3A892E0015DEAB /* Base */ = {isa = PBXFileReference; lastKnownFileType = file.storyboard; name = Base; path = Base.lproj/LaunchScreen.storyboard; sourceTree = "<group>"; };
		667901411F3A892E0015DEAB /* Info.plist */ = {isa = PBXFileReference; lastKnownFileType = text.plist.xml; path = Info.plist; sourceTree = "<group>"; };
/* End PBXFileReference section */

/* Begin PBXFrameworksBuildPhase section */
		6679012F1F3A892E0015DEAB /* Frameworks */ = {
			isa = PBXFrameworksBuildPhase;
			buildActionMask = 2147483647;
			files = (
			);
			runOnlyForDeploymentPostprocessing = 0;
		};
/* End PBXFrameworksBuildPhase section */

/* Begin PBXGroup section */
		667901291F3A892E0015DEAB = {
			isa = PBXGroup;
			children = (
				667901341F3A892E0015DEAB /* DragAndDropPassData */,
				667901331F3A892E0015DEAB /* Products */,
			);
			sourceTree = "<group>";
		};
		667901331F3A892E0015DEAB /* Products */ = {
			isa = PBXGroup;
			children = (
				667901321F3A892E0015DEAB /* DragAndDropPassData.app */,
			);
			name = Products;
			sourceTree = "<group>";
		};
		667901341F3A892E0015DEAB /* DragAndDropPassData */ = {
			isa = PBXGroup;
			children = (
				667901351F3A892E0015DEAB /* AppDelegate.swift */,
				667901371F3A892E0015DEAB /* ViewController.swift */,
				667901391F3A892E0015DEAB /* Main.storyboard */,
				6679013C1F3A892E0015DEAB /* Assets.xcassets */,
				6679013E1F3A892E0015DEAB /* LaunchScreen.storyboard */,
				667901411F3A892E0015DEAB /* Info.plist */,
			);
			path = DragAndDropPassData;
			sourceTree = "<group>";
		};
/* End PBXGroup section */

/* Begin PBXNativeTarget section */
		667901311F3A892E0015DEAB /* DragAndDropPassData */ = {
			isa = PBXNativeTarget;
			buildConfigurationList = 667901441F3A892E0015DEAB /* Build configuration list for PBXNativeTarget "DragAndDropPassData" */;
			buildPhases = (
				6679012E1F3A892E0015DEAB /* Sources */,
				6679012F1F3A892E0015DEAB /* Frameworks */,
				667901301F3A892E0015DEAB /* Resources */,
			);
			buildRules = (
			);
			dependencies = (
			);
			name = DragAndDropPassData;
			productName = DragAndDropPassData;
			productReference = 667901321F3A892E0015DEAB /* DragAndDropPassData.app */;
			productType = "com.apple.product-type.application";
		};
/* End PBXNativeTarget section */

/* Begin PBXProject section */
		6679012A1F3A892E0015DEAB /* Project object */ = {
			isa = PBXProject;
			attributes = {
				LastSwiftUpdateCheck = 0900;
				LastUpgradeCheck = 0900;
				ORGANIZATIONNAME = "Adam Smith Software LLC";
				TargetAttributes = {
					667901311F3A892E0015DEAB = {
						CreatedOnToolsVersion = 9.0;
					};
				};
			};
			buildConfigurationList = 6679012D1F3A892E0015DEAB /* Build configuration list for PBXProject "DragAndDropPassData" */;
			compatibilityVersion = "Xcode 8.0";
			developmentRegion = en;
			hasScannedForEncodings = 0;
			knownRegions = (
				en,
				Base,
			);
			mainGroup = 667901291F3A892E0015DEAB;
			productRefGroup = 667901331F3A892E0015DEAB /* Products */;
			projectDirPath = "";
			projectRoot = "";
			targets = (
				667901311F3A892E0015DEAB /* DragAndDropPassData */,
			);
		};
/* End PBXProject section */

/* Begin PBXResourcesBuildPhase section */
		667901301F3A892E0015DEAB /* Resources */ = {
			isa = PBXResourcesBuildPhase;
			buildActionMask = 2147483647;
			files = (
				667901401F3A892E0015DEAB /* LaunchScreen.storyboard in Resources */,
				6679013D1F3A892E0015DEAB /* Assets.xcassets in Resources */,
				6679013B1F3A892E0015DEAB /* Main.storyboard in Resources */,
			);
			runOnlyForDeploymentPostprocessing = 0;
		};
/* End PBXResourcesBuildPhase section */

/* Begin PBXSourcesBuildPhase section */
		6679012E1F3A892E0015DEAB /* Sources */ = {
			isa = PBXSourcesBuildPhase;
			buildActionMask = 2147483647;
			files = (
				667901381F3A892E0015DEAB /* ViewController.swift in Sources */,
				667901361F3A892E0015DEAB /* AppDelegate.swift in Sources */,
			);
			runOnlyForDeploymentPostprocessing = 0;
		};
/* End PBXSourcesBuildPhase section */

/* Begin PBXVariantGroup section */
		667901391F3A892E0015DEAB /* Main.storyboard */ = {
			isa = PBXVariantGroup;
			children = (
				6679013A1F3A892E0015DEAB /* Base */,
			);
			name = Main.storyboard;
			sourceTree = "<group>";
		};
		6679013E1F3A892E0015DEAB /* LaunchScreen.storyboard */ = {
			isa = PBXVariantGroup;
			children = (
				6679013F1F3A892E0015DEAB /* Base */,
			);
			name = LaunchScreen.storyboard;
			sourceTree = "<group>";
		};
/* End PBXVariantGroup section */

/* Begin XCBuildConfiguration section */
		667901421F3A892E0015DEAB /* Debug */ = {
			isa = XCBuildConfiguration;
			buildSettings = {
				ALWAYS_SEARCH_USER_PATHS = NO;
				CLANG_ANALYZER_NONNULL = YES;
				CLANG_ANALYZER_NUMBER_OBJECT_CONVERSION = YES_AGGRESSIVE;
				CLANG_CXX_LANGUAGE_STANDARD = "gnu++14";
				CLANG_CXX_LIBRARY = "libc++";
				CLANG_ENABLE_MODULES = YES;
				CLANG_ENABLE_OBJC_ARC = YES;
				CLANG_WARN_BLOCK_CAPTURE_AUTORELEASING = YES;
				CLANG_WARN_BOOL_CONVERSION = YES;
				CLANG_WARN_COMMA = YES;
				CLANG_WARN_CONSTANT_CONVERSION = YES;
				CLANG_WARN_DIRECT_OBJC_ISA_USAGE = YES_ERROR;
				CLANG_WARN_DOCUMENTATION_COMMENTS = YES;
				CLANG_WARN_EMPTY_BODY = YES;
				CLANG_WARN_ENUM_CONVERSION = YES;
				CLANG_WARN_INFINITE_RECURSION = YES;
				CLANG_WARN_INT_CONVERSION = YES;
				CLANG_WARN_NON_LITERAL_NULL_CONVERSION = YES;
				CLANG_WARN_OBJC_LITERAL_CONVERSION = YES;
				CLANG_WARN_OBJC_ROOT_CLASS = YES_ERROR;
				CLANG_WARN_RANGE_LOOP_ANALYSIS = YES;
				CLANG_WARN_STRICT_PROTOTYPES = YES;
				CLANG_WARN_SUSPICIOUS_MOVE = YES;
				CLANG_WARN_UNGUARDED_AVAILABILITY = YES_AGGRESSIVE;
				CLANG_WARN_UNREACHABLE_CODE = YES;
				CLANG_WARN__DUPLICATE_METHOD_MATCH = YES;
				CODE_SIGN_IDENTITY = "iPhone Developer";
				COPY_PHASE_STRIP = NO;
				DEBUG_INFORMATION_FORMAT = dwarf;
				ENABLE_STRICT_OBJC_MSGSEND = YES;
				ENABLE_TESTABILITY = YES;
				GCC_C_LANGUAGE_STANDARD = gnu11;
				GCC_DYNAMIC_NO_PIC = NO;
				GCC_NO_COMMON_BLOCKS = YES;
				GCC_OPTIMIZATION_LEVEL = 0;
				GCC_PREPROCESSOR_DEFINITIONS = (
					"DEBUG=1",
					"$(inherited)",
				);
				GCC_WARN_64_TO_32_BIT_CONVERSION = YES;
				GCC_WARN_ABOUT_RETURN_TYPE = YES_ERROR;
				GCC_WARN_UNDECLARED_SELECTOR = YES;
				GCC_WARN_UNINITIALIZED_AUTOS = YES_AGGRESSIVE;
				GCC_WARN_UNUSED_FUNCTION = YES;
				GCC_WARN_UNUSED_VARIABLE = YES;
				IPHONEOS_DEPLOYMENT_TARGET = 11.0;
				MTL_ENABLE_DEBUG_INFO = YES;
				ONLY_ACTIVE_ARCH = YES;
				SDKROOT = iphoneos;
				SWIFT_ACTIVE_COMPILATION_CONDITIONS = DEBUG;
				SWIFT_OPTIMIZATION_LEVEL = "-Onone";
			};
			name = Debug;
		};
		667901431F3A892E0015DEAB /* Release */ = {
			isa = XCBuildConfiguration;
			buildSettings = {
				ALWAYS_SEARCH_USER_PATHS = NO;
				CLANG_ANALYZER_NONNULL = YES;
				CLANG_ANALYZER_NUMBER_OBJECT_CONVERSION = YES_AGGRESSIVE;
				CLANG_CXX_LANGUAGE_STANDARD = "gnu++14";
				CLANG_CXX_LIBRARY = "libc++";
				CLANG_ENABLE_MODULES = YES;
				CLANG_ENABLE_OBJC_ARC = YES;
				CLANG_WARN_BLOCK_CAPTURE_AUTORELEASING = YES;
				CLANG_WARN_BOOL_CONVERSION = YES;
				CLANG_WARN_COMMA = YES;
				CLANG_WARN_CONSTANT_CONVERSION = YES;
				CLANG_WARN_DIRECT_OBJC_ISA_USAGE = YES_ERROR;
				CLANG_WARN_DOCUMENTATION_COMMENTS = YES;
				CLANG_WARN_EMPTY_BODY = YES;
				CLANG_WARN_ENUM_CONVERSION = YES;
				CLANG_WARN_INFINITE_RECURSION = YES;
				CLANG_WARN_INT_CONVERSION = YES;
				CLANG_WARN_NON_LITERAL_NULL_CONVERSION = YES;
				CLANG_WARN_OBJC_LITERAL_CONVERSION = YES;
				CLANG_WARN_OBJC_ROOT_CLASS = YES_ERROR;
				CLANG_WARN_RANGE_LOOP_ANALYSIS = YES;
				CLANG_WARN_STRICT_PROTOTYPES = YES;
				CLANG_WARN_SUSPICIOUS_MOVE = YES;
				CLANG_WARN_UNGUARDED_AVAILABILITY = YES_AGGRESSIVE;
				CLANG_WARN_UNREACHABLE_CODE = YES;
				CLANG_WARN__DUPLICATE_METHOD_MATCH = YES;
				CODE_SIGN_IDENTITY = "iPhone Developer";
				COPY_PHASE_STRIP = NO;
				DEBUG_INFORMATION_FORMAT = "dwarf-with-dsym";
				ENABLE_NS_ASSERTIONS = NO;
				ENABLE_STRICT_OBJC_MSGSEND = YES;
				GCC_C_LANGUAGE_STANDARD = gnu11;
				GCC_NO_COMMON_BLOCKS = YES;
				GCC_WARN_64_TO_32_BIT_CONVERSION = YES;
				GCC_WARN_ABOUT_RETURN_TYPE = YES_ERROR;
				GCC_WARN_UNDECLARED_SELECTOR = YES;
				GCC_WARN_UNINITIALIZED_AUTOS = YES_AGGRESSIVE;
				GCC_WARN_UNUSED_FUNCTION = YES;
				GCC_WARN_UNUSED_VARIABLE = YES;
				IPHONEOS_DEPLOYMENT_TARGET = 11.0;
				MTL_ENABLE_DEBUG_INFO = NO;
				SDKROOT = iphoneos;
				SWIFT_OPTIMIZATION_LEVEL = "-Owholemodule";
				VALIDATE_PRODUCT = YES;
			};
			name = Release;
		};
		667901451F3A892E0015DEAB /* Debug */ = {
			isa = XCBuildConfiguration;
			buildSettings = {
				ASSETCATALOG_COMPILER_APPICON_NAME = AppIcon;
				DEVELOPMENT_TEAM = TR4PP43778;
				INFOPLIST_FILE = DragAndDropPassData/Info.plist;
				LD_RUNPATH_SEARCH_PATHS = "$(inherited) @executable_path/Frameworks";
				PRODUCT_BUNDLE_IDENTIFIER = com.adamontherun.DragAndDropPassData;
				PRODUCT_NAME = "$(TARGET_NAME)";
				SWIFT_VERSION = 4.0;
				TARGETED_DEVICE_FAMILY = "1,2";
			};
			name = Debug;
		};
		667901461F3A892E0015DEAB /* Release */ = {
			isa = XCBuildConfiguration;
			buildSettings = {
				ASSETCATALOG_COMPILER_APPICON_NAME = AppIcon;
				DEVELOPMENT_TEAM = TR4PP43778;
				INFOPLIST_FILE = DragAndDropPassData/Info.plist;
				LD_RUNPATH_SEARCH_PATHS = "$(inherited) @executable_path/Frameworks";
				PRODUCT_BUNDLE_IDENTIFIER = com.adamontherun.DragAndDropPassData;
				PRODUCT_NAME = "$(TARGET_NAME)";
				SWIFT_VERSION = 4.0;
				TARGETED_DEVICE_FAMILY = "1,2";
			};
			name = Release;
		};
/* End XCBuildConfiguration section */

/* Begin XCConfigurationList section */
		6679012D1F3A892E0015DEAB /* Build configuration list for PBXProject "DragAndDropPassData" */ = {
			isa = XCConfigurationList;
			buildConfigurations = (
				667901421F3A892E0015DEAB /* Debug */,
				667901431F3A892E0015DEAB /* Release */,
			);
			defaultConfigurationIsVisible = 0;
			defaultConfigurationName = Release;
		};
		667901441F3A892E0015DEAB /* Build configuration list for PBXNativeTarget "DragAndDropPassData" */ = {
			isa = XCConfigurationList;
			buildConfigurations = (
				667901451F3A892E0015DEAB /* Debug */,
				667901461F3A892E0015DEAB /* Release */,
			);
			defaultConfigurationIsVisible = 0;
			defaultConfigurationName = Release;
		};
/* End XCConfigurationList section */
	};
	rootObject = 6679012A1F3A892E0015DEAB /* Project object */;
}
