// !$*UTF8*$!
{
	archiveVersion = 1;
	classes = {
	};
	objectVersion = 48;
	objects = {

/* Begin PBXBuildFile section */
		66BAD29F1F393727004CDDE2 /* AppDelegate.swift in Sources */ = {isa = PBXBuildFile; fileRef = 66BAD29E1F393727004CDDE2 /* AppDelegate.swift */; };
		66BAD2A11F393727004CDDE2 /* ViewController.swift in Sources */ = {isa = PBXBuildFile; fileRef = 66BAD2A01F393727004CDDE2 /* ViewController.swift */; };
		66BAD2A41F393727004CDDE2 /* Main.storyboard in Resources */ = {isa = PBXBuildFile; fileRef = 66BAD2A21F393727004CDDE2 /* Main.storyboard */; };
		66BAD2A61F393727004CDDE2 /* Assets.xcassets in Resources */ = {isa = PBXBuildFile; fileRef = 66BAD2A51F393727004CDDE2 /* Assets.xcassets */; };
		66BAD2A91F393727004CDDE2 /* LaunchScreen.storyboard in Resources */ = {isa = PBXBuildFile; fileRef = 66BAD2A71F393727004CDDE2 /* LaunchScreen.storyboard */; };
		66BAD2B11F393D28004CDDE2 /* TestView.swift in Sources */ = {isa = PBXBuildFile; fileRef = 66BAD2B01F393D28004CDDE2 /* TestView.swift */; };
/* End PBXBuildFile section */

/* Begin PBXFileReference section */
		66BAD29B1F393727004CDDE2 /* UIStackViewPractice.app */ = {isa = PBXFileReference; explicitFileType = wrapper.application; includeInIndex = 0; path = UIStackViewPractice.app; sourceTree = BUILT_PRODUCTS_DIR; };
		66BAD29E1F393727004CDDE2 /* AppDelegate.swift */ = {isa = PBXFileReference; lastKnownFileType = sourcecode.swift; path = AppDelegate.swift; sourceTree = "<group>"; };
		66BAD2A01F393727004CDDE2 /* ViewController.swift */ = {isa = PBXFileReference; lastKnownFileType = sourcecode.swift; path = ViewController.swift; sourceTree = "<group>"; };
		66BAD2A31F393727004CDDE2 /* Base */ = {isa = PBXFileReference; lastKnownFileType = file.storyboard; name = Base; path = Base.lproj/Main.storyboard; sourceTree = "<group>"; };
		66BAD2A51F393727004CDDE2 /* Assets.xcassets */ = {isa = PBXFileReference; lastKnownFileType = folder.assetcatalog; path = Assets.xcassets; sourceTree = "<group>"; };
		66BAD2A81F393727004CDDE2 /* Base */ = {isa = PBXFileReference; lastKnownFileType = file.storyboard; name = Base; path = Base.lproj/LaunchScreen.storyboard; sourceTree = "<group>"; };
		66BAD2AA1F393727004CDDE2 /* Info.plist */ = {isa = PBXFileReference; lastKnownFileType = text.plist.xml; path = Info.plist; sourceTree = "<group>"; };
		66BAD2B01F393D28004CDDE2 /* TestView.swift */ = {isa = PBXFileReference; lastKnownFileType = sourcecode.swift; path = TestView.swift; sourceTree = "<group>"; };
/* End PBXFileReference section */

/* Begin PBXFrameworksBuildPhase section */
		66BAD2981F393727004CDDE2 /* Frameworks */ = {
			isa = PBXFrameworksBuildPhase;
			buildActionMask = 2147483647;
			files = (
			);
			runOnlyForDeploymentPostprocessing = 0;
		};
/* End PBXFrameworksBuildPhase section */

/* Begin PBXGroup section */
		66BAD2921F393727004CDDE2 = {
			isa = PBXGroup;
			children = (
				66BAD29D1F393727004CDDE2 /* UIStackViewPractice */,
				66BAD29C1F393727004CDDE2 /* Products */,
			);
			sourceTree = "<group>";
		};
		66BAD29C1F393727004CDDE2 /* Products */ = {
			isa = PBXGroup;
			children = (
				66BAD29B1F393727004CDDE2 /* UIStackViewPractice.app */,
			);
			name = Products;
			sourceTree = "<group>";
		};
		66BAD29D1F393727004CDDE2 /* UIStackViewPractice */ = {
			isa = PBXGroup;
			children = (
				66BAD29E1F393727004CDDE2 /* AppDelegate.swift */,
				66BAD2A01F393727004CDDE2 /* ViewController.swift */,
				66BAD2A21F393727004CDDE2 /* Main.storyboard */,
				66BAD2A51F393727004CDDE2 /* Assets.xcassets */,
				66BAD2A71F393727004CDDE2 /* LaunchScreen.storyboard */,
				66BAD2AA1F393727004CDDE2 /* Info.plist */,
				66BAD2B01F393D28004CDDE2 /* TestView.swift */,
			);
			path = UIStackViewPractice;
			sourceTree = "<group>";
		};
/* End PBXGroup section */

/* Begin PBXNativeTarget section */
		66BAD29A1F393727004CDDE2 /* UIStackViewPractice */ = {
			isa = PBXNativeTarget;
			buildConfigurationList = 66BAD2AD1F393727004CDDE2 /* Build configuration list for PBXNativeTarget "UIStackViewPractice" */;
			buildPhases = (
				66BAD2971F393727004CDDE2 /* Sources */,
				66BAD2981F393727004CDDE2 /* Frameworks */,
				66BAD2991F393727004CDDE2 /* Resources */,
			);
			buildRules = (
			);
			dependencies = (
			);
			name = UIStackViewPractice;
			productName = UIStackViewPractice;
			productReference = 66BAD29B1F393727004CDDE2 /* UIStackViewPractice.app */;
			productType = "com.apple.product-type.application";
		};
/* End PBXNativeTarget section */

/* Begin PBXProject section */
		66BAD2931F393727004CDDE2 /* Project object */ = {
			isa = PBXProject;
			attributes = {
				LastSwiftUpdateCheck = 0900;
				LastUpgradeCheck = 0900;
				ORGANIZATIONNAME = "Adam Smith Software LLC";
				TargetAttributes = {
					66BAD29A1F393727004CDDE2 = {
						CreatedOnToolsVersion = 9.0;
					};
				};
			};
			buildConfigurationList = 66BAD2961F393727004CDDE2 /* Build configuration list for PBXProject "UIStackViewPractice" */;
			compatibilityVersion = "Xcode 8.0";
			developmentRegion = en;
			hasScannedForEncodings = 0;
			knownRegions = (
				en,
				Base,
			);
			mainGroup = 66BAD2921F393727004CDDE2;
			productRefGroup = 66BAD29C1F393727004CDDE2 /* Products */;
			projectDirPath = "";
			projectRoot = "";
			targets = (
				66BAD29A1F393727004CDDE2 /* UIStackViewPractice */,
			);
		};
/* End PBXProject section */

/* Begin PBXResourcesBuildPhase section */
		66BAD2991F393727004CDDE2 /* Resources */ = {
			isa = PBXResourcesBuildPhase;
			buildActionMask = 2147483647;
			files = (
				66BAD2A91F393727004CDDE2 /* LaunchScreen.storyboard in Resources */,
				66BAD2A61F393727004CDDE2 /* Assets.xcassets in Resources */,
				66BAD2A41F393727004CDDE2 /* Main.storyboard in Resources */,
			);
			runOnlyForDeploymentPostprocessing = 0;
		};
/* End PBXResourcesBuildPhase section */

/* Begin PBXSourcesBuildPhase section */
		66BAD2971F393727004CDDE2 /* Sources */ = {
			isa = PBXSourcesBuildPhase;
			buildActionMask = 2147483647;
			files = (
				66BAD2B11F393D28004CDDE2 /* TestView.swift in Sources */,
				66BAD2A11F393727004CDDE2 /* ViewController.swift in Sources */,
				66BAD29F1F393727004CDDE2 /* AppDelegate.swift in Sources */,
			);
			runOnlyForDeploymentPostprocessing = 0;
		};
/* End PBXSourcesBuildPhase section */

/* Begin PBXVariantGroup section */
		66BAD2A21F393727004CDDE2 /* Main.storyboard */ = {
			isa = PBXVariantGroup;
			children = (
				66BAD2A31F393727004CDDE2 /* Base */,
			);
			name = Main.storyboard;
			sourceTree = "<group>";
		};
		66BAD2A71F393727004CDDE2 /* LaunchScreen.storyboard */ = {
			isa = PBXVariantGroup;
			children = (
				66BAD2A81F393727004CDDE2 /* Base */,
			);
			name = LaunchScreen.storyboard;
			sourceTree = "<group>";
		};
/* End PBXVariantGroup section */

/* Begin XCBuildConfiguration section */
		66BAD2AB1F393727004CDDE2 /* Debug */ = {
			isa = XCBuildConfiguration;
			buildSettings = {
				ALWAYS_SEARCH_USER_PATHS = NO;
				CLANG_ANALYZER_NONNULL = YES;
				CLANG_ANALYZER_NUMBER_OBJECT_CONVERSION = YES_AGGRESSIVE;
				CLANG_CXX_LANGUAGE_STANDARD = "gnu++14";
				CLANG_CXX_LIBRARY = "libc++";
				CLANG_ENABLE_MODULES = YES;
				CLANG_ENABLE_OBJC_ARC = YES;
				CLANG_WARN_BLOCK_CAPTURE_AUTORELEASING = YES;
				CLANG_WARN_BOOL_CONVERSION = YES;
				CLANG_WARN_COMMA = YES;
				CLANG_WARN_CONSTANT_CONVERSION = YES;
				CLANG_WARN_DIRECT_OBJC_ISA_USAGE = YES_ERROR;
				CLANG_WARN_DOCUMENTATION_COMMENTS = YES;
				CLANG_WARN_EMPTY_BODY = YES;
				CLANG_WARN_ENUM_CONVERSION = YES;
				CLANG_WARN_INFINITE_RECURSION = YES;
				CLANG_WARN_INT_CONVERSION = YES;
				CLANG_WARN_NON_LITERAL_NULL_CONVERSION = YES;
				CLANG_WARN_OBJC_LITERAL_CONVERSION = YES;
				CLANG_WARN_OBJC_ROOT_CLASS = YES_ERROR;
				CLANG_WARN_RANGE_LOOP_ANALYSIS = YES;
				CLANG_WARN_STRICT_PROTOTYPES = YES;
				CLANG_WARN_SUSPICIOUS_MOVE = YES;
				CLANG_WARN_UNGUARDED_AVAILABILITY = YES_AGGRESSIVE;
				CLANG_WARN_UNREACHABLE_CODE = YES;
				CLANG_WARN__DUPLICATE_METHOD_MATCH = YES;
				CODE_SIGN_IDENTITY = "iPhone Developer";
				COPY_PHASE_STRIP = NO;
				DEBUG_INFORMATION_FORMAT = dwarf;
				ENABLE_STRICT_OBJC_MSGSEND = YES;
				ENABLE_TESTABILITY = YES;
				GCC_C_LANGUAGE_STANDARD = gnu11;
				GCC_DYNAMIC_NO_PIC = NO;
				GCC_NO_COMMON_BLOCKS = YES;
				GCC_OPTIMIZATION_LEVEL = 0;
				GCC_PREPROCESSOR_DEFINITIONS = (
					"DEBUG=1",
					"$(inherited)",
				);
				GCC_WARN_64_TO_32_BIT_CONVERSION = YES;
				GCC_WARN_ABOUT_RETURN_TYPE = YES_ERROR;
				GCC_WARN_UNDECLARED_SELECTOR = YES;
				GCC_WARN_UNINITIALIZED_AUTOS = YES_AGGRESSIVE;
				GCC_WARN_UNUSED_FUNCTION = YES;
				GCC_WARN_UNUSED_VARIABLE = YES;
				IPHONEOS_DEPLOYMENT_TARGET = 11.0;
				MTL_ENABLE_DEBUG_INFO = YES;
				ONLY_ACTIVE_ARCH = YES;
				SDKROOT = iphoneos;
				SWIFT_ACTIVE_COMPILATION_CONDITIONS = DEBUG;
				SWIFT_OPTIMIZATION_LEVEL = "-Onone";
			};
			name = Debug;
		};
		66BAD2AC1F393727004CDDE2 /* Release */ = {
			isa = XCBuildConfiguration;
			buildSettings = {
				ALWAYS_SEARCH_USER_PATHS = NO;
				CLANG_ANALYZER_NONNULL = YES;
				CLANG_ANALYZER_NUMBER_OBJECT_CONVERSION = YES_AGGRESSIVE;
				CLANG_CXX_LANGUAGE_STANDARD = "gnu++14";
				CLANG_CXX_LIBRARY = "libc++";
				CLANG_ENABLE_MODULES = YES;
				CLANG_ENABLE_OBJC_ARC = YES;
				CLANG_WARN_BLOCK_CAPTURE_AUTORELEASING = YES;
				CLANG_WARN_BOOL_CONVERSION = YES;
				CLANG_WARN_COMMA = YES;
				CLANG_WARN_CONSTANT_CONVERSION = YES;
				CLANG_WARN_DIRECT_OBJC_ISA_USAGE = YES_ERROR;
				CLANG_WARN_DOCUMENTATION_COMMENTS = YES;
				CLANG_WARN_EMPTY_BODY = YES;
				CLANG_WARN_ENUM_CONVERSION = YES;
				CLANG_WARN_INFINITE_RECURSION = YES;
				CLANG_WARN_INT_CONVERSION = YES;
				CLANG_WARN_NON_LITERAL_NULL_CONVERSION = YES;
				CLANG_WARN_OBJC_LITERAL_CONVERSION = YES;
				CLANG_WARN_OBJC_ROOT_CLASS = YES_ERROR;
				CLANG_WARN_RANGE_LOOP_ANALYSIS = YES;
				CLANG_WARN_STRICT_PROTOTYPES = YES;
				CLANG_WARN_SUSPICIOUS_MOVE = YES;
				CLANG_WARN_UNGUARDED_AVAILABILITY = YES_AGGRESSIVE;
				CLANG_WARN_UNREACHABLE_CODE = YES;
				CLANG_WARN__DUPLICATE_METHOD_MATCH = YES;
				CODE_SIGN_IDENTITY = "iPhone Developer";
				COPY_PHASE_STRIP = NO;
				DEBUG_INFORMATION_FORMAT = "dwarf-with-dsym";
				ENABLE_NS_ASSERTIONS = NO;
				ENABLE_STRICT_OBJC_MSGSEND = YES;
				GCC_C_LANGUAGE_STANDARD = gnu11;
				GCC_NO_COMMON_BLOCKS = YES;
				GCC_WARN_64_TO_32_BIT_CONVERSION = YES;
				GCC_WARN_ABOUT_RETURN_TYPE = YES_ERROR;
				GCC_WARN_UNDECLARED_SELECTOR = YES;
				GCC_WARN_UNINITIALIZED_AUTOS = YES_AGGRESSIVE;
				GCC_WARN_UNUSED_FUNCTION = YES;
				GCC_WARN_UNUSED_VARIABLE = YES;
				IPHONEOS_DEPLOYMENT_TARGET = 11.0;
				MTL_ENABLE_DEBUG_INFO = NO;
				SDKROOT = iphoneos;
				SWIFT_OPTIMIZATION_LEVEL = "-Owholemodule";
				VALIDATE_PRODUCT = YES;
			};
			name = Release;
		};
		66BAD2AE1F393727004CDDE2 /* Debug */ = {
			isa = XCBuildConfiguration;
			buildSettings = {
				ASSETCATALOG_COMPILER_APPICON_NAME = AppIcon;
				DEVELOPMENT_TEAM = TR4PP43778;
				INFOPLIST_FILE = UIStackViewPractice/Info.plist;
				LD_RUNPATH_SEARCH_PATHS = "$(inherited) @executable_path/Frameworks";
				PRODUCT_BUNDLE_IDENTIFIER = com.adamontherun.UIStackViewPractice;
				PRODUCT_NAME = "$(TARGET_NAME)";
				SWIFT_VERSION = 4.0;
				TARGETED_DEVICE_FAMILY = "1,2";
			};
			name = Debug;
		};
		66BAD2AF1F393727004CDDE2 /* Release */ = {
			isa = XCBuildConfiguration;
			buildSettings = {
				ASSETCATALOG_COMPILER_APPICON_NAME = AppIcon;
				DEVELOPMENT_TEAM = TR4PP43778;
				INFOPLIST_FILE = UIStackViewPractice/Info.plist;
				LD_RUNPATH_SEARCH_PATHS = "$(inherited) @executable_path/Frameworks";
				PRODUCT_BUNDLE_IDENTIFIER = com.adamontherun.UIStackViewPractice;
				PRODUCT_NAME = "$(TARGET_NAME)";
				SWIFT_VERSION = 4.0;
				TARGETED_DEVICE_FAMILY = "1,2";
			};
			name = Release;
		};
/* End XCBuildConfiguration section */

/* Begin XCConfigurationList section */
		66BAD2961F393727004CDDE2 /* Build configuration list for PBXProject "UIStackViewPractice" */ = {
			isa = XCConfigurationList;
			buildConfigurations = (
				66BAD2AB1F393727004CDDE2 /* Debug */,
				66BAD2AC1F393727004CDDE2 /* Release */,
			);
			defaultConfigurationIsVisible = 0;
			defaultConfigurationName = Release;
		};
		66BAD2AD1F393727004CDDE2 /* Build configuration list for PBXNativeTarget "UIStackViewPractice" */ = {
			isa = XCConfigurationList;
			buildConfigurations = (
				66BAD2AE1F393727004CDDE2 /* Debug */,
				66BAD2AF1F393727004CDDE2 /* Release */,
			);
			defaultConfigurationIsVisible = 0;
			defaultConfigurationName = Release;
		};
/* End XCConfigurationList section */
	};
	rootObject = 66BAD2931F393727004CDDE2 /* Project object */;
}
