// !$*UTF8*$!
{
	archiveVersion = 1;
	classes = {
	};
	objectVersion = 46;
	objects = {

/* Begin PBXBuildFile section */
		668F40E91F2AB869009112CE /* AppDelegate.swift in Sources */ = {isa = PBXBuildFile; fileRef = 668F40E81F2AB869009112CE /* AppDelegate.swift */; };
		668F40EB1F2AB869009112CE /* ViewController.swift in Sources */ = {isa = PBXBuildFile; fileRef = 668F40EA1F2AB869009112CE /* ViewController.swift */; };
		668F40EE1F2AB869009112CE /* Main.storyboard in Resources */ = {isa = PBXBuildFile; fileRef = 668F40EC1F2AB869009112CE /* Main.storyboard */; };
		668F40F01F2AB869009112CE /* Assets.xcassets in Resources */ = {isa = PBXBuildFile; fileRef = 668F40EF1F2AB869009112CE /* Assets.xcassets */; };
		668F40F31F2AB869009112CE /* LaunchScreen.storyboard in Resources */ = {isa = PBXBuildFile; fileRef = 668F40F11F2AB869009112CE /* LaunchScreen.storyboard */; };
/* End PBXBuildFile section */

/* Begin PBXFileReference section */
		668F40E51F2AB869009112CE /* BasicUIView.app */ = {isa = PBXFileReference; explicitFileType = wrapper.application; includeInIndex = 0; path = BasicUIView.app; sourceTree = BUILT_PRODUCTS_DIR; };
		668F40E81F2AB869009112CE /* AppDelegate.swift */ = {isa = PBXFileReference; lastKnownFileType = sourcecode.swift; path = AppDelegate.swift; sourceTree = "<group>"; };
		668F40EA1F2AB869009112CE /* ViewController.swift */ = {isa = PBXFileReference; lastKnownFileType = sourcecode.swift; path = ViewController.swift; sourceTree = "<group>"; };
		668F40ED1F2AB869009112CE /* Base */ = {isa = PBXFileReference; lastKnownFileType = file.storyboard; name = Base; path = Base.lproj/Main.storyboard; sourceTree = "<group>"; };
		668F40EF1F2AB869009112CE /* Assets.xcassets */ = {isa = PBXFileReference; lastKnownFileType = folder.assetcatalog; path = Assets.xcassets; sourceTree = "<group>"; };
		668F40F21F2AB869009112CE /* Base */ = {isa = PBXFileReference; lastKnownFileType = file.storyboard; name = Base; path = Base.lproj/LaunchScreen.storyboard; sourceTree = "<group>"; };
		668F40F41F2AB869009112CE /* Info.plist */ = {isa = PBXFileReference; lastKnownFileType = text.plist.xml; path = Info.plist; sourceTree = "<group>"; };
/* End PBXFileReference section */

/* Begin PBXFrameworksBuildPhase section */
		668F40E21F2AB869009112CE /* Frameworks */ = {
			isa = PBXFrameworksBuildPhase;
			buildActionMask = 2147483647;
			files = (
			);
			runOnlyForDeploymentPostprocessing = 0;
		};
/* End PBXFrameworksBuildPhase section */

/* Begin PBXGroup section */
		668F40DC1F2AB869009112CE = {
			isa = PBXGroup;
			children = (
				668F40E71F2AB869009112CE /* BasicUIView */,
				668F40E61F2AB869009112CE /* Products */,
			);
			sourceTree = "<group>";
		};
		668F40E61F2AB869009112CE /* Products */ = {
			isa = PBXGroup;
			children = (
				668F40E51F2AB869009112CE /* BasicUIView.app */,
			);
			name = Products;
			sourceTree = "<group>";
		};
		668F40E71F2AB869009112CE /* BasicUIView */ = {
			isa = PBXGroup;
			children = (
				668F40E81F2AB869009112CE /* AppDelegate.swift */,
				668F40EA1F2AB869009112CE /* ViewController.swift */,
				668F40EC1F2AB869009112CE /* Main.storyboard */,
				668F40EF1F2AB869009112CE /* Assets.xcassets */,
				668F40F11F2AB869009112CE /* LaunchScreen.storyboard */,
				668F40F41F2AB869009112CE /* Info.plist */,
			);
			path = BasicUIView;
			sourceTree = "<group>";
		};
/* End PBXGroup section */

/* Begin PBXNativeTarget section */
		668F40E41F2AB869009112CE /* BasicUIView */ = {
			isa = PBXNativeTarget;
			buildConfigurationList = 668F40F71F2AB869009112CE /* Build configuration list for PBXNativeTarget "BasicUIView" */;
			buildPhases = (
				668F40E11F2AB869009112CE /* Sources */,
				668F40E21F2AB869009112CE /* Frameworks */,
				668F40E31F2AB869009112CE /* Resources */,
			);
			buildRules = (
			);
			dependencies = (
			);
			name = BasicUIView;
			productName = BasicUIView;
			productReference = 668F40E51F2AB869009112CE /* BasicUIView.app */;
			productType = "com.apple.product-type.application";
		};
/* End PBXNativeTarget section */

/* Begin PBXProject section */
		668F40DD1F2AB869009112CE /* Project object */ = {
			isa = PBXProject;
			attributes = {
				LastSwiftUpdateCheck = 0830;
				LastUpgradeCheck = 0830;
				ORGANIZATIONNAME = "Adam Smith Software LLC";
				TargetAttributes = {
					668F40E41F2AB869009112CE = {
						CreatedOnToolsVersion = 8.3.3;
						DevelopmentTeam = TR4PP43778;
						ProvisioningStyle = Automatic;
					};
				};
			};
			buildConfigurationList = 668F40E01F2AB869009112CE /* Build configuration list for PBXProject "BasicUIView" */;
			compatibilityVersion = "Xcode 3.2";
			developmentRegion = English;
			hasScannedForEncodings = 0;
			knownRegions = (
				en,
				Base,
			);
			mainGroup = 668F40DC1F2AB869009112CE;
			productRefGroup = 668F40E61F2AB869009112CE /* Products */;
			projectDirPath = "";
			projectRoot = "";
			targets = (
				668F40E41F2AB869009112CE /* BasicUIView */,
			);
		};
/* End PBXProject section */

/* Begin PBXResourcesBuildPhase section */
		668F40E31F2AB869009112CE /* Resources */ = {
			isa = PBXResourcesBuildPhase;
			buildActionMask = 2147483647;
			files = (
				668F40F31F2AB869009112CE /* LaunchScreen.storyboard in Resources */,
				668F40F01F2AB869009112CE /* Assets.xcassets in Resources */,
				668F40EE1F2AB869009112CE /* Main.storyboard in Resources */,
			);
			runOnlyForDeploymentPostprocessing = 0;
		};
/* End PBXResourcesBuildPhase section */

/* Begin PBXSourcesBuildPhase section */
		668F40E11F2AB869009112CE /* Sources */ = {
			isa = PBXSourcesBuildPhase;
			buildActionMask = 2147483647;
			files = (
				668F40EB1F2AB869009112CE /* ViewController.swift in Sources */,
				668F40E91F2AB869009112CE /* AppDelegate.swift in Sources */,
			);
			runOnlyForDeploymentPostprocessing = 0;
		};
/* End PBXSourcesBuildPhase section */

/* Begin PBXVariantGroup section */
		668F40EC1F2AB869009112CE /* Main.storyboard */ = {
			isa = PBXVariantGroup;
			children = (
				668F40ED1F2AB869009112CE /* Base */,
			);
			name = Main.storyboard;
			sourceTree = "<group>";
		};
		668F40F11F2AB869009112CE /* LaunchScreen.storyboard */ = {
			isa = PBXVariantGroup;
			children = (
				668F40F21F2AB869009112CE /* Base */,
			);
			name = LaunchScreen.storyboard;
			sourceTree = "<group>";
		};
/* End PBXVariantGroup section */

/* Begin XCBuildConfiguration section */
		668F40F51F2AB869009112CE /* Debug */ = {
			isa = XCBuildConfiguration;
			buildSettings = {
				ALWAYS_SEARCH_USER_PATHS = NO;
				CLANG_ANALYZER_NONNULL = YES;
				CLANG_ANALYZER_NUMBER_OBJECT_CONVERSION = YES_AGGRESSIVE;
				CLANG_CXX_LANGUAGE_STANDARD = "gnu++0x";
				CLANG_CXX_LIBRARY = "libc++";
				CLANG_ENABLE_MODULES = YES;
				CLANG_ENABLE_OBJC_ARC = YES;
				CLANG_WARN_BOOL_CONVERSION = YES;
				CLANG_WARN_CONSTANT_CONVERSION = YES;
				CLANG_WARN_DIRECT_OBJC_ISA_USAGE = YES_ERROR;
				CLANG_WARN_DOCUMENTATION_COMMENTS = YES;
				CLANG_WARN_EMPTY_BODY = YES;
				CLANG_WARN_ENUM_CONVERSION = YES;
				CLANG_WARN_INFINITE_RECURSION = YES;
				CLANG_WARN_INT_CONVERSION = YES;
				CLANG_WARN_OBJC_ROOT_CLASS = YES_ERROR;
				CLANG_WARN_SUSPICIOUS_MOVE = YES;
				CLANG_WARN_UNREACHABLE_CODE = YES;
				CLANG_WARN__DUPLICATE_METHOD_MATCH = YES;
				"CODE_SIGN_IDENTITY[sdk=iphoneos*]" = "iPhone Developer";
				COPY_PHASE_STRIP = NO;
				DEBUG_INFORMATION_FORMAT = dwarf;
				ENABLE_STRICT_OBJC_MSGSEND = YES;
				ENABLE_TESTABILITY = YES;
				GCC_C_LANGUAGE_STANDARD = gnu99;
				GCC_DYNAMIC_NO_PIC = NO;
				GCC_NO_COMMON_BLOCKS = YES;
				GCC_OPTIMIZATION_LEVEL = 0;
				GCC_PREPROCESSOR_DEFINITIONS = (
					"DEBUG=1",
					"$(inherited)",
				);
				GCC_WARN_64_TO_32_BIT_CONVERSION = YES;
				GCC_WARN_ABOUT_RETURN_TYPE = YES_ERROR;
				GCC_WARN_UNDECLARED_SELECTOR = YES;
				GCC_WARN_UNINITIALIZED_AUTOS = YES_AGGRESSIVE;
				GCC_WARN_UNUSED_FUNCTION = YES;
				GCC_WARN_UNUSED_VARIABLE = YES;
				IPHONEOS_DEPLOYMENT_TARGET = 10.3;
				MTL_ENABLE_DEBUG_INFO = YES;
				ONLY_ACTIVE_ARCH = YES;
				SDKROOT = iphoneos;
				SWIFT_ACTIVE_COMPILATION_CONDITIONS = DEBUG;
				SWIFT_OPTIMIZATION_LEVEL = "-Onone";
				TARGETED_DEVICE_FAMILY = "1,2";
			};
			name = Debug;
		};
		668F40F61F2AB869009112CE /* Release */ = {
			isa = XCBuildConfiguration;
			buildSettings = {
				ALWAYS_SEARCH_USER_PATHS = NO;
				CLANG_ANALYZER_NONNULL = YES;
				CLANG_ANALYZER_NUMBER_OBJECT_CONVERSION = YES_AGGRESSIVE;
				CLANG_CXX_LANGUAGE_STANDARD = "gnu++0x";
				CLANG_CXX_LIBRARY = "libc++";
				CLANG_ENABLE_MODULES = YES;
				CLANG_ENABLE_OBJC_ARC = YES;
				CLANG_WARN_BOOL_CONVERSION = YES;
				CLANG_WARN_CONSTANT_CONVERSION = YES;
				CLANG_WARN_DIRECT_OBJC_ISA_USAGE = YES_ERROR;
				CLANG_WARN_DOCUMENTATION_COMMENTS = YES;
				CLANG_WARN_EMPTY_BODY = YES;
				CLANG_WARN_ENUM_CONVERSION = YES;
				CLANG_WARN_INFINITE_RECURSION = YES;
				CLANG_WARN_INT_CONVERSION = YES;
				CLANG_WARN_OBJC_ROOT_CLASS = YES_ERROR;
				CLANG_WARN_SUSPICIOUS_MOVE = YES;
				CLANG_WARN_UNREACHABLE_CODE = YES;
				CLANG_WARN__DUPLICATE_METHOD_MATCH = YES;
				"CODE_SIGN_IDENTITY[sdk=iphoneos*]" = "iPhone Developer";
				COPY_PHASE_STRIP = NO;
				DEBUG_INFORMATION_FORMAT = "dwarf-with-dsym";
				ENABLE_NS_ASSERTIONS = NO;
				ENABLE_STRICT_OBJC_MSGSEND = YES;
				GCC_C_LANGUAGE_STANDARD = gnu99;
				GCC_NO_COMMON_BLOCKS = YES;
				GCC_WARN_64_TO_32_BIT_CONVERSION = YES;
				GCC_WARN_ABOUT_RETURN_TYPE = YES_ERROR;
				GCC_WARN_UNDECLARED_SELECTOR = YES;
				GCC_WARN_UNINITIALIZED_AUTOS = YES_AGGRESSIVE;
				GCC_WARN_UNUSED_FUNCTION = YES;
				GCC_WARN_UNUSED_VARIABLE = YES;
				IPHONEOS_DEPLOYMENT_TARGET = 10.3;
				MTL_ENABLE_DEBUG_INFO = NO;
				SDKROOT = iphoneos;
				SWIFT_OPTIMIZATION_LEVEL = "-Owholemodule";
				TARGETED_DEVICE_FAMILY = "1,2";
				VALIDATE_PRODUCT = YES;
			};
			name = Release;
		};
		668F40F81F2AB869009112CE /* Debug */ = {
			isa = XCBuildConfiguration;
			buildSettings = {
				ASSETCATALOG_COMPILER_APPICON_NAME = AppIcon;
				DEVELOPMENT_TEAM = TR4PP43778;
				INFOPLIST_FILE = BasicUIView/Info.plist;
				LD_RUNPATH_SEARCH_PATHS = "$(inherited) @executable_path/Frameworks";
				PRODUCT_BUNDLE_IDENTIFIER = com.adamontherun.BasicUIView;
				PRODUCT_NAME = "$(TARGET_NAME)";
				SWIFT_VERSION = 3.0;
			};
			name = Debug;
		};
		668F40F91F2AB869009112CE /* Release */ = {
			isa = XCBuildConfiguration;
			buildSettings = {
				ASSETCATALOG_COMPILER_APPICON_NAME = AppIcon;
				DEVELOPMENT_TEAM = TR4PP43778;
				INFOPLIST_FILE = BasicUIView/Info.plist;
				LD_RUNPATH_SEARCH_PATHS = "$(inherited) @executable_path/Frameworks";
				PRODUCT_BUNDLE_IDENTIFIER = com.adamontherun.BasicUIView;
				PRODUCT_NAME = "$(TARGET_NAME)";
				SWIFT_VERSION = 3.0;
			};
			name = Release;
		};
/* End XCBuildConfiguration section */

/* Begin XCConfigurationList section */
		668F40E01F2AB869009112CE /* Build configuration list for PBXProject "BasicUIView" */ = {
			isa = XCConfigurationList;
			buildConfigurations = (
				668F40F51F2AB869009112CE /* Debug */,
				668F40F61F2AB869009112CE /* Release */,
			);
			defaultConfigurationIsVisible = 0;
			defaultConfigurationName = Release;
		};
		668F40F71F2AB869009112CE /* Build configuration list for PBXNativeTarget "BasicUIView" */ = {
			isa = XCConfigurationList;
			buildConfigurations = (
				668F40F81F2AB869009112CE /* Debug */,
				668F40F91F2AB869009112CE /* Release */,
			);
			defaultConfigurationIsVisible = 0;
		};
/* End XCConfigurationList section */
	};
	rootObject = 668F40DD1F2AB869009112CE /* Project object */;
}
